// !$*UTF8*$!
{
	archiveVersion = 1;
	classes = {
	};
	objectVersion = 48;
	objects = {

/* Begin PBXBuildFile section */
		1CC81FBB390FC8BFA4DB6935 /* Pods_BackendlessRTChatSwift.framework in Frameworks */ = {isa = PBXBuildFile; fileRef = 1F1F5D34B38E073697FE55BB /* Pods_BackendlessRTChatSwift.framework */; };
		5A245CB32018E59800AFC0F1 /* AlertController.swift in Sources */ = {isa = PBXBuildFile; fileRef = 5A245CB22018E59800AFC0F1 /* AlertController.swift */; };
		5A62E5FF2019EBC700C48167 /* SplitViewController.swift in Sources */ = {isa = PBXBuildFile; fileRef = 5A62E5FE2019EBC700C48167 /* SplitViewController.swift */; };
		5A62E6012019EC7900C48167 /* ChatViewController.swift in Sources */ = {isa = PBXBuildFile; fileRef = 5A62E6002019EC7900C48167 /* ChatViewController.swift */; };
		5A62E6032019ECCB00C48167 /* Chat.swift in Sources */ = {isa = PBXBuildFile; fileRef = 5A62E6022019ECCB00C48167 /* Chat.swift */; };
		5A62E6052019F07A00C48167 /* ChatsViewController.swift in Sources */ = {isa = PBXBuildFile; fileRef = 5A62E6042019F07A00C48167 /* ChatsViewController.swift */; };
		5A62E6072019F1EA00C48167 /* ChatMember.swift in Sources */ = {isa = PBXBuildFile; fileRef = 5A62E6062019F1EA00C48167 /* ChatMember.swift */; };
		5A7332C4201F0D6F005755FA /* backendlessLogo.png in Resources */ = {isa = PBXBuildFile; fileRef = 5A7332C3201F0D6E005755FA /* backendlessLogo.png */; };
		5A7332C6201F30CA005755FA /* MembersViewController.swift in Sources */ = {isa = PBXBuildFile; fileRef = 5A7332C5201F30CA005755FA /* MembersViewController.swift */; };
		5A8A1F6C20162C4D00A38FF4 /* AppDelegate.swift in Sources */ = {isa = PBXBuildFile; fileRef = 5A8A1F6B20162C4D00A38FF4 /* AppDelegate.swift */; };
		5A8A1F7320162C4D00A38FF4 /* Assets.xcassets in Resources */ = {isa = PBXBuildFile; fileRef = 5A8A1F7220162C4D00A38FF4 /* Assets.xcassets */; };
		5A8A1F8120162CAD00A38FF4 /* LaunchScreen.storyboard in Resources */ = {isa = PBXBuildFile; fileRef = 5A8A1F7D20162CAC00A38FF4 /* LaunchScreen.storyboard */; };
		5A8A1F8220162CAD00A38FF4 /* Main.storyboard in Resources */ = {isa = PBXBuildFile; fileRef = 5A8A1F7F20162CAD00A38FF4 /* Main.storyboard */; };
		5A920C372019C49700A84506 /* LoginViewController.swift in Sources */ = {isa = PBXBuildFile; fileRef = 5A920C362019C49700A84506 /* LoginViewController.swift */; };
		5A9A89172020B24F008CFCAF /* libbkndlss-simulator.a in Frameworks */ = {isa = PBXBuildFile; fileRef = 5A9A881C2020B24E008CFCAF /* libbkndlss-simulator.a */; };
		5AC66FCF201A208B00AD3E1E /* DispatchQueue+Logic.swift in Sources */ = {isa = PBXBuildFile; fileRef = 5AC66FCE201A208B00AD3E1E /* DispatchQueue+Logic.swift */; };
		5AC83AF3201B7ACE0026D589 /* ChatDetailsViewController.swift in Sources */ = {isa = PBXBuildFile; fileRef = 5AC83AF2201B7ACE0026D589 /* ChatDetailsViewController.swift */; };
/* End PBXBuildFile section */

/* Begin PBXFileReference section */
		1F1F5D34B38E073697FE55BB /* Pods_BackendlessRTChatSwift.framework */ = {isa = PBXFileReference; explicitFileType = wrapper.framework; includeInIndex = 0; path = Pods_BackendlessRTChatSwift.framework; sourceTree = BUILT_PRODUCTS_DIR; };
		5A245CB22018E59800AFC0F1 /* AlertController.swift */ = {isa = PBXFileReference; lastKnownFileType = sourcecode.swift; path = AlertController.swift; sourceTree = "<group>"; };
		5A62E5FE2019EBC700C48167 /* SplitViewController.swift */ = {isa = PBXFileReference; lastKnownFileType = sourcecode.swift; path = SplitViewController.swift; sourceTree = "<group>"; };
		5A62E6002019EC7900C48167 /* ChatViewController.swift */ = {isa = PBXFileReference; lastKnownFileType = sourcecode.swift; path = ChatViewController.swift; sourceTree = "<group>"; };
		5A62E6022019ECCB00C48167 /* Chat.swift */ = {isa = PBXFileReference; lastKnownFileType = sourcecode.swift; path = Chat.swift; sourceTree = "<group>"; };
		5A62E6042019F07A00C48167 /* ChatsViewController.swift */ = {isa = PBXFileReference; lastKnownFileType = sourcecode.swift; path = ChatsViewController.swift; sourceTree = "<group>"; };
		5A62E6062019F1EA00C48167 /* ChatMember.swift */ = {isa = PBXFileReference; lastKnownFileType = sourcecode.swift; path = ChatMember.swift; sourceTree = "<group>"; };
		5A7332C3201F0D6E005755FA /* backendlessLogo.png */ = {isa = PBXFileReference; lastKnownFileType = image.png; path = backendlessLogo.png; sourceTree = "<group>"; };
		5A7332C5201F30CA005755FA /* MembersViewController.swift */ = {isa = PBXFileReference; lastKnownFileType = sourcecode.swift; path = MembersViewController.swift; sourceTree = "<group>"; };
		5A8A1F6820162C4D00A38FF4 /* BackendlessRTChatSwift.app */ = {isa = PBXFileReference; explicitFileType = wrapper.application; includeInIndex = 0; path = BackendlessRTChatSwift.app; sourceTree = BUILT_PRODUCTS_DIR; };
		5A8A1F6B20162C4D00A38FF4 /* AppDelegate.swift */ = {isa = PBXFileReference; lastKnownFileType = sourcecode.swift; path = AppDelegate.swift; sourceTree = "<group>"; };
		5A8A1F7220162C4D00A38FF4 /* Assets.xcassets */ = {isa = PBXFileReference; lastKnownFileType = folder.assetcatalog; path = Assets.xcassets; sourceTree = "<group>"; };
		5A8A1F7720162C4D00A38FF4 /* Info.plist */ = {isa = PBXFileReference; lastKnownFileType = text.plist.xml; path = Info.plist; sourceTree = "<group>"; };
		5A8A1F7E20162CAC00A38FF4 /* Base */ = {isa = PBXFileReference; lastKnownFileType = file.storyboard; name = Base; path = Base.lproj/LaunchScreen.storyboard; sourceTree = "<group>"; };
		5A8A1F8020162CAD00A38FF4 /* Base */ = {isa = PBXFileReference; lastKnownFileType = file.storyboard; name = Base; path = Base.lproj/Main.storyboard; sourceTree = "<group>"; };
		5A920C362019C49700A84506 /* LoginViewController.swift */ = {isa = PBXFileReference; lastKnownFileType = sourcecode.swift; path = LoginViewController.swift; sourceTree = "<group>"; };
		5A9A881C2020B24E008CFCAF /* libbkndlss-simulator.a */ = {isa = PBXFileReference; lastKnownFileType = archive.ar; path = "libbkndlss-simulator.a"; sourceTree = "<group>"; };
		5A9A881E2020B24E008CFCAF /* IArgumentObjectFactory.h */ = {isa = PBXFileReference; fileEncoding = 4; lastKnownFileType = sourcecode.c.h; path = IArgumentObjectFactory.h; sourceTree = "<group>"; };
		5A9A881F2020B24E008CFCAF /* PublishOptions.h */ = {isa = PBXFileReference; fileEncoding = 4; lastKnownFileType = sourcecode.c.h; path = PublishOptions.h; sourceTree = "<group>"; };
		5A9A88202020B24E008CFCAF /* BackendlessCache.h */ = {isa = PBXFileReference; fileEncoding = 4; lastKnownFileType = sourcecode.c.h; path = BackendlessCache.h; sourceTree = "<group>"; };
		5A9A88212020B24E008CFCAF /* BaseRTMPProtocolEncoder.h */ = {isa = PBXFileReference; fileEncoding = 4; lastKnownFileType = sourcecode.c.h; path = BaseRTMPProtocolEncoder.h; sourceTree = "<group>"; };
		5A9A88222020B24E008CFCAF /* IDataStore.h */ = {isa = PBXFileReference; fileEncoding = 4; lastKnownFileType = sourcecode.c.h; path = IDataStore.h; sourceTree = "<group>"; };
		5A9A88232020B24E008CFCAF /* V3StringReader.h */ = {isa = PBXFileReference; fileEncoding = 4; lastKnownFileType = sourcecode.c.h; path = V3StringReader.h; sourceTree = "<group>"; };
		5A9A88242020B24E008CFCAF /* AMFBodyWriter.h */ = {isa = PBXFileReference; fileEncoding = 4; lastKnownFileType = sourcecode.c.h; path = AMFBodyWriter.h; sourceTree = "<group>"; };
		5A9A88252020B24E008CFCAF /* GeoMath.h */ = {isa = PBXFileReference; fileEncoding = 4; lastKnownFileType = sourcecode.c.h; path = GeoMath.h; sourceTree = "<group>"; };
		5A9A88262020B24E008CFCAF /* ObjectReferenceWriter.h */ = {isa = PBXFileReference; fileEncoding = 4; lastKnownFileType = sourcecode.c.h; path = ObjectReferenceWriter.h; sourceTree = "<group>"; };
		5A9A88272020B24E008CFCAF /* FlashorbBinaryReader.h */ = {isa = PBXFileReference; fileEncoding = 4; lastKnownFileType = sourcecode.c.h; path = FlashorbBinaryReader.h; sourceTree = "<group>"; };
		5A9A88282020B24E008CFCAF /* IRTMProtocol.h */ = {isa = PBXFileReference; fileEncoding = 4; lastKnownFileType = sourcecode.c.h; path = IRTMProtocol.h; sourceTree = "<group>"; };
		5A9A88292020B24E008CFCAF /* ProtectedBackendlessGeoQuery.h */ = {isa = PBXFileReference; fileEncoding = 4; lastKnownFileType = sourcecode.c.h; path = ProtectedBackendlessGeoQuery.h; sourceTree = "<group>"; };
		5A9A882A2020B24E008CFCAF /* WeborbSharedObject.h */ = {isa = PBXFileReference; fileEncoding = 4; lastKnownFileType = sourcecode.c.h; path = WeborbSharedObject.h; sourceTree = "<group>"; };
		5A9A882B2020B24E008CFCAF /* RTMethodRequest.h */ = {isa = PBXFileReference; fileEncoding = 4; lastKnownFileType = sourcecode.c.h; path = RTMethodRequest.h; sourceTree = "<group>"; };
		5A9A882C2020B24E008CFCAF /* GeoPoint.h */ = {isa = PBXFileReference; fileEncoding = 4; lastKnownFileType = sourcecode.c.h; path = GeoPoint.h; sourceTree = "<group>"; };
		5A9A882D2020B24E008CFCAF /* Backendless.h */ = {isa = PBXFileReference; fileEncoding = 4; lastKnownFileType = sourcecode.c.h; path = Backendless.h; sourceTree = "<group>"; };
		5A9A882E2020B24E008CFCAF /* NumberReader.h */ = {isa = PBXFileReference; fileEncoding = 4; lastKnownFileType = sourcecode.c.h; path = NumberReader.h; sourceTree = "<group>"; };
		5A9A882F2020B24E008CFCAF /* BodyHolderWriter.h */ = {isa = PBXFileReference; fileEncoding = 4; lastKnownFileType = sourcecode.c.h; path = BodyHolderWriter.h; sourceTree = "<group>"; };
		5A9A88302020B24E008CFCAF /* ReaderUtils.h */ = {isa = PBXFileReference; fileEncoding = 4; lastKnownFileType = sourcecode.c.h; path = ReaderUtils.h; sourceTree = "<group>"; };
		5A9A88312020B24E008CFCAF /* Backendless-Bridging-Header.h */ = {isa = PBXFileReference; fileEncoding = 4; lastKnownFileType = sourcecode.c.h; path = "Backendless-Bridging-Header.h"; sourceTree = "<group>"; };
		5A9A88322020B24E008CFCAF /* IVideoStreamCodec.h */ = {isa = PBXFileReference; fileEncoding = 4; lastKnownFileType = sourcecode.c.h; path = IVideoStreamCodec.h; sourceTree = "<group>"; };
		5A9A88332020B24E008CFCAF /* PointerReader.h */ = {isa = PBXFileReference; fileEncoding = 4; lastKnownFileType = sourcecode.c.h; path = PointerReader.h; sourceTree = "<group>"; };
		5A9A88342020B24E008CFCAF /* Engine.h */ = {isa = PBXFileReference; fileEncoding = 4; lastKnownFileType = sourcecode.c.h; path = Engine.h; sourceTree = "<group>"; };
		5A9A88352020B24E008CFCAF /* Channel.h */ = {isa = PBXFileReference; fileEncoding = 4; lastKnownFileType = sourcecode.c.h; path = Channel.h; sourceTree = "<group>"; };
		5A9A88362020B24E008CFCAF /* BodyHolder.h */ = {isa = PBXFileReference; fileEncoding = 4; lastKnownFileType = sourcecode.c.h; path = BodyHolder.h; sourceTree = "<group>"; };
		5A9A88372020B24E008CFCAF /* GeoFence.h */ = {isa = PBXFileReference; fileEncoding = 4; lastKnownFileType = sourcecode.c.h; path = GeoFence.h; sourceTree = "<group>"; };
		5A9A88382020B24E008CFCAF /* AMFMessageWriter.h */ = {isa = PBXFileReference; fileEncoding = 4; lastKnownFileType = sourcecode.c.h; path = AMFMessageWriter.h; sourceTree = "<group>"; };
		5A9A88392020B24E008CFCAF /* DEBUG.h */ = {isa = PBXFileReference; fileEncoding = 4; lastKnownFileType = sourcecode.c.h; path = DEBUG.h; sourceTree = "<group>"; };
		5A9A883A2020B24E008CFCAF /* BackendlessFile.h */ = {isa = PBXFileReference; fileEncoding = 4; lastKnownFileType = sourcecode.c.h; path = BackendlessFile.h; sourceTree = "<group>"; };
		5A9A883B2020B24E008CFCAF /* NamedObject.h */ = {isa = PBXFileReference; fileEncoding = 4; lastKnownFileType = sourcecode.c.h; path = NamedObject.h; sourceTree = "<group>"; };
		5A9A883C2020B24E008CFCAF /* FlexMessage.h */ = {isa = PBXFileReference; fileEncoding = 4; lastKnownFileType = sourcecode.c.h; path = FlexMessage.h; sourceTree = "<group>"; };
		5A9A883D2020B24E008CFCAF /* IAudioStreamCodec.h */ = {isa = PBXFileReference; fileEncoding = 4; lastKnownFileType = sourcecode.c.h; path = IAudioStreamCodec.h; sourceTree = "<group>"; };
		5A9A883E2020B24E008CFCAF /* PendingCall.h */ = {isa = PBXFileReference; fileEncoding = 4; lastKnownFileType = sourcecode.c.h; path = PendingCall.h; sourceTree = "<group>"; };
		5A9A883F2020B24E008CFCAF /* BeaconMonitoring.h */ = {isa = PBXFileReference; fileEncoding = 4; lastKnownFileType = sourcecode.c.h; path = BeaconMonitoring.h; sourceTree = "<group>"; };
		5A9A88402020B24E008CFCAF /* QueryOptionsBuilder.h */ = {isa = PBXFileReference; fileEncoding = 4; lastKnownFileType = sourcecode.c.h; path = QueryOptionsBuilder.h; sourceTree = "<group>"; };
		5A9A88412020B24E008CFCAF /* MHeader.h */ = {isa = PBXFileReference; fileEncoding = 4; lastKnownFileType = sourcecode.c.h; path = MHeader.h; sourceTree = "<group>"; };
		5A9A88422020B24E008CFCAF /* SharedObjectChanges.h */ = {isa = PBXFileReference; fileEncoding = 4; lastKnownFileType = sourcecode.c.h; path = SharedObjectChanges.h; sourceTree = "<group>"; };
		5A9A88432020B24E008CFCAF /* AnonymousObject.h */ = {isa = PBXFileReference; fileEncoding = 4; lastKnownFileType = sourcecode.c.h; path = AnonymousObject.h; sourceTree = "<group>"; };
		5A9A88442020B24E008CFCAF /* AbstractProperty.h */ = {isa = PBXFileReference; fileEncoding = 4; lastKnownFileType = sourcecode.c.h; path = AbstractProperty.h; sourceTree = "<group>"; };
		5A9A88452020B24E008CFCAF /* ByteArrayType.h */ = {isa = PBXFileReference; fileEncoding = 4; lastKnownFileType = sourcecode.c.h; path = ByteArrayType.h; sourceTree = "<group>"; };
		5A9A88462020B24E008CFCAF /* ORBConstants.h */ = {isa = PBXFileReference; fileEncoding = 4; lastKnownFileType = sourcecode.c.h; path = ORBConstants.h; sourceTree = "<group>"; };
		5A9A88472020B24E008CFCAF /* Header.h */ = {isa = PBXFileReference; fileEncoding = 4; lastKnownFileType = sourcecode.c.h; path = Header.h; sourceTree = "<group>"; };
		5A9A88482020B24E008CFCAF /* LocationTracker.h */ = {isa = PBXFileReference; fileEncoding = 4; lastKnownFileType = sourcecode.c.h; path = LocationTracker.h; sourceTree = "<group>"; };
		5A9A88492020B24E008CFCAF /* IRTMPEvent.h */ = {isa = PBXFileReference; fileEncoding = 4; lastKnownFileType = sourcecode.c.h; path = IRTMPEvent.h; sourceTree = "<group>"; };
		5A9A884A2020B24E008CFCAF /* AMFHeaderWriter.h */ = {isa = PBXFileReference; fileEncoding = 4; lastKnownFileType = sourcecode.c.h; path = AMFHeaderWriter.h; sourceTree = "<group>"; };
		5A9A884B2020B24E008CFCAF /* ISharedObjectListener.h */ = {isa = PBXFileReference; fileEncoding = 4; lastKnownFileType = sourcecode.c.h; path = ISharedObjectListener.h; sourceTree = "<group>"; };
		5A9A884C2020B24E008CFCAF /* BodyParts.h */ = {isa = PBXFileReference; fileEncoding = 4; lastKnownFileType = sourcecode.c.h; path = BodyParts.h; sourceTree = "<group>"; };
		5A9A884D2020B24E008CFCAF /* RTHelper.h */ = {isa = PBXFileReference; fileEncoding = 4; lastKnownFileType = sourcecode.c.h; path = RTHelper.h; sourceTree = "<group>"; };
		5A9A884E2020B24E008CFCAF /* BackendlessBeacon.h */ = {isa = PBXFileReference; fileEncoding = 4; lastKnownFileType = sourcecode.c.h; path = BackendlessBeacon.h; sourceTree = "<group>"; };
		5A9A884F2020B24E008CFCAF /* RTClient.h */ = {isa = PBXFileReference; fileEncoding = 4; lastKnownFileType = sourcecode.c.h; path = RTClient.h; sourceTree = "<group>"; };
		5A9A88502020B24E008CFCAF /* MessagingService.h */ = {isa = PBXFileReference; fileEncoding = 4; lastKnownFileType = sourcecode.c.h; path = MessagingService.h; sourceTree = "<group>"; };
		5A9A88512020B24E008CFCAF /* AmfV3Formatter.h */ = {isa = PBXFileReference; fileEncoding = 4; lastKnownFileType = sourcecode.c.h; path = AmfV3Formatter.h; sourceTree = "<group>"; };
		5A9A88522020B24E008CFCAF /* ReqMessage.h */ = {isa = PBXFileReference; fileEncoding = 4; lastKnownFileType = sourcecode.c.h; path = ReqMessage.h; sourceTree = "<group>"; };
		5A9A88532020B24E008CFCAF /* DateReader.h */ = {isa = PBXFileReference; fileEncoding = 4; lastKnownFileType = sourcecode.c.h; path = DateReader.h; sourceTree = "<group>"; };
		5A9A88542020B24E008CFCAF /* JSONHelper.h */ = {isa = PBXFileReference; fileEncoding = 4; lastKnownFileType = sourcecode.c.h; path = JSONHelper.h; sourceTree = "<group>"; };
		5A9A88552020B24E008CFCAF /* Types.h */ = {isa = PBXFileReference; fileEncoding = 4; lastKnownFileType = sourcecode.c.h; path = Types.h; sourceTree = "<group>"; };
		5A9A88562020B24E008CFCAF /* NotAReader.h */ = {isa = PBXFileReference; fileEncoding = 4; lastKnownFileType = sourcecode.c.h; path = NotAReader.h; sourceTree = "<group>"; };
		5A9A88572020B24E008CFCAF /* RTService.h */ = {isa = PBXFileReference; fileEncoding = 4; lastKnownFileType = sourcecode.c.h; path = RTService.h; sourceTree = "<group>"; };
		5A9A88582020B24E008CFCAF /* ICastingAttributeStore.h */ = {isa = PBXFileReference; fileEncoding = 4; lastKnownFileType = sourcecode.c.h; path = ICastingAttributeStore.h; sourceTree = "<group>"; };
		5A9A88592020B24E008CFCAF /* ITypeWriter.h */ = {isa = PBXFileReference; fileEncoding = 4; lastKnownFileType = sourcecode.c.h; path = ITypeWriter.h; sourceTree = "<group>"; };
		5A9A885A2020B24E008CFCAF /* UTFStringReader.h */ = {isa = PBXFileReference; fileEncoding = 4; lastKnownFileType = sourcecode.c.h; path = UTFStringReader.h; sourceTree = "<group>"; };
		5A9A885B2020B24E008CFCAF /* IClientSharedObjectDelegate.h */ = {isa = PBXFileReference; fileEncoding = 4; lastKnownFileType = sourcecode.c.h; path = IClientSharedObjectDelegate.h; sourceTree = "<group>"; };
		5A9A885C2020B24E008CFCAF /* DataStoreFactory.h */ = {isa = PBXFileReference; fileEncoding = 4; lastKnownFileType = sourcecode.c.h; path = DataStoreFactory.h; sourceTree = "<group>"; };
		5A9A885D2020B24E008CFCAF /* IClientSharedObject.h */ = {isa = PBXFileReference; fileEncoding = 4; lastKnownFileType = sourcecode.c.h; path = IClientSharedObject.h; sourceTree = "<group>"; };
		5A9A885E2020B24E008CFCAF /* UserStatusObject.h */ = {isa = PBXFileReference; fileEncoding = 4; lastKnownFileType = sourcecode.c.h; path = UserStatusObject.h; sourceTree = "<group>"; };
		5A9A885F2020B24E008CFCAF /* Body.h */ = {isa = PBXFileReference; fileEncoding = 4; lastKnownFileType = sourcecode.c.h; path = Body.h; sourceTree = "<group>"; };
		5A9A88602020B24E008CFCAF /* RTSubscription.h */ = {isa = PBXFileReference; fileEncoding = 4; lastKnownFileType = sourcecode.c.h; path = RTSubscription.h; sourceTree = "<group>"; };
		5A9A88612020B24E008CFCAF /* ArrayType.h */ = {isa = PBXFileReference; fileEncoding = 4; lastKnownFileType = sourcecode.c.h; path = ArrayType.h; sourceTree = "<group>"; };
		5A9A88622020B24E008CFCAF /* IServiceCall.h */ = {isa = PBXFileReference; fileEncoding = 4; lastKnownFileType = sourcecode.c.h; path = IServiceCall.h; sourceTree = "<group>"; };
		5A9A88632020B24E008CFCAF /* RTMPClient.h */ = {isa = PBXFileReference; fileEncoding = 4; lastKnownFileType = sourcecode.c.h; path = RTMPClient.h; sourceTree = "<group>"; };
		5A9A88642020B24E008CFCAF /* Invoker.h */ = {isa = PBXFileReference; fileEncoding = 4; lastKnownFileType = sourcecode.c.h; path = Invoker.h; sourceTree = "<group>"; };
		5A9A88652020B24E008CFCAF /* ArrayReader.h */ = {isa = PBXFileReference; fileEncoding = 4; lastKnownFileType = sourcecode.c.h; path = ArrayReader.h; sourceTree = "<group>"; };
		5A9A88662020B24E008CFCAF /* ServerCallback.h */ = {isa = PBXFileReference; fileEncoding = 4; lastKnownFileType = sourcecode.c.h; path = ServerCallback.h; sourceTree = "<group>"; };
		5A9A88672020B24E008CFCAF /* CacheService.h */ = {isa = PBXFileReference; fileEncoding = 4; lastKnownFileType = sourcecode.c.h; path = CacheService.h; sourceTree = "<group>"; };
		5A9A88682020B24E008CFCAF /* AbstractReferenceableTypeWriter.h */ = {isa = PBXFileReference; fileEncoding = 4; lastKnownFileType = sourcecode.c.h; path = AbstractReferenceableTypeWriter.h; sourceTree = "<group>"; };
		5A9A88692020B24E008CFCAF /* Events.h */ = {isa = PBXFileReference; fileEncoding = 4; lastKnownFileType = sourcecode.c.h; path = Events.h; sourceTree = "<group>"; };
		5A9A886A2020B24E008CFCAF /* NullReader.h */ = {isa = PBXFileReference; fileEncoding = 4; lastKnownFileType = sourcecode.c.h; path = NullReader.h; sourceTree = "<group>"; };
		5A9A886B2020B24E008CFCAF /* BaseEvent.h */ = {isa = PBXFileReference; fileEncoding = 4; lastKnownFileType = sourcecode.c.h; path = BaseEvent.h; sourceTree = "<group>"; };
		5A9A886C2020B24E008CFCAF /* ReconnectAttemptObject.h */ = {isa = PBXFileReference; fileEncoding = 4; lastKnownFileType = sourcecode.c.h; path = ReconnectAttemptObject.h; sourceTree = "<group>"; };
		5A9A886D2020B24E008CFCAF /* EventType.h */ = {isa = PBXFileReference; fileEncoding = 4; lastKnownFileType = sourcecode.c.h; path = EventType.h; sourceTree = "<group>"; };
		5A9A886E2020B24E008CFCAF /* RTMessaging.h */ = {isa = PBXFileReference; fileEncoding = 4; lastKnownFileType = sourcecode.c.h; path = RTMessaging.h; sourceTree = "<group>"; };
		5A9A886F2020B24E008CFCAF /* CommandObject.h */ = {isa = PBXFileReference; fileEncoding = 4; lastKnownFileType = sourcecode.c.h; path = CommandObject.h; sourceTree = "<group>"; };
		5A9A88702020B24E008CFCAF /* WeborbClient.h */ = {isa = PBXFileReference; fileEncoding = 4; lastKnownFileType = sourcecode.c.h; path = WeborbClient.h; sourceTree = "<group>"; };
		5A9A88712020B24E008CFCAF /* Presence.h */ = {isa = PBXFileReference; fileEncoding = 4; lastKnownFileType = sourcecode.c.h; path = Presence.h; sourceTree = "<group>"; };
		5A9A88722020B24E008CFCAF /* ClassCastException.h */ = {isa = PBXFileReference; fileEncoding = 4; lastKnownFileType = sourcecode.c.h; path = ClassCastException.h; sourceTree = "<group>"; };
		5A9A88732020B24E008CFCAF /* AuthorizationException.h */ = {isa = PBXFileReference; fileEncoding = 4; lastKnownFileType = sourcecode.c.h; path = AuthorizationException.h; sourceTree = "<group>"; };
		5A9A88742020B24E008CFCAF /* IServiceHandlerProvider.h */ = {isa = PBXFileReference; fileEncoding = 4; lastKnownFileType = sourcecode.c.h; path = IServiceHandlerProvider.h; sourceTree = "<group>"; };
		5A9A88752020B24E008CFCAF /* BooleanReader.h */ = {isa = PBXFileReference; fileEncoding = 4; lastKnownFileType = sourcecode.c.h; path = BooleanReader.h; sourceTree = "<group>"; };
		5A9A88762020B24E008CFCAF /* IProtocolFormatter.h */ = {isa = PBXFileReference; fileEncoding = 4; lastKnownFileType = sourcecode.c.h; path = IProtocolFormatter.h; sourceTree = "<group>"; };
		5A9A88772020B24E008CFCAF /* IEventListener.h */ = {isa = PBXFileReference; fileEncoding = 4; lastKnownFileType = sourcecode.c.h; path = IEventListener.h; sourceTree = "<group>"; };
		5A9A88782020B24E008CFCAF /* GeoFenceMonitoring.h */ = {isa = PBXFileReference; fileEncoding = 4; lastKnownFileType = sourcecode.c.h; path = GeoFenceMonitoring.h; sourceTree = "<group>"; };
		5A9A88792020B24E008CFCAF /* Message.h */ = {isa = PBXFileReference; fileEncoding = 4; lastKnownFileType = sourcecode.c.h; path = Message.h; sourceTree = "<group>"; };
		5A9A887A2020B24E008CFCAF /* LogBuffer.h */ = {isa = PBXFileReference; fileEncoding = 4; lastKnownFileType = sourcecode.c.h; path = LogBuffer.h; sourceTree = "<group>"; };
		5A9A887B2020B24E008CFCAF /* IPersistenceStore.h */ = {isa = PBXFileReference; fileEncoding = 4; lastKnownFileType = sourcecode.c.h; path = IPersistenceStore.h; sourceTree = "<group>"; };
		5A9A887C2020B24E008CFCAF /* ISerializer.h */ = {isa = PBXFileReference; fileEncoding = 4; lastKnownFileType = sourcecode.c.h; path = ISerializer.h; sourceTree = "<group>"; };
		5A9A887D2020B24E008CFCAF /* GeoCategory.h */ = {isa = PBXFileReference; fileEncoding = 4; lastKnownFileType = sourcecode.c.h; path = GeoCategory.h; sourceTree = "<group>"; };
		5A9A887E2020B24E008CFCAF /* DateType.h */ = {isa = PBXFileReference; fileEncoding = 4; lastKnownFileType = sourcecode.c.h; path = DateType.h; sourceTree = "<group>"; };
		5A9A887F2020B24E008CFCAF /* ObjectProperty.h */ = {isa = PBXFileReference; fileEncoding = 4; lastKnownFileType = sourcecode.c.h; path = ObjectProperty.h; sourceTree = "<group>"; };
		5A9A88802020B24E008CFCAF /* RTMProtocol.h */ = {isa = PBXFileReference; fileEncoding = 4; lastKnownFileType = sourcecode.c.h; path = RTMProtocol.h; sourceTree = "<group>"; };
		5A9A88812020B24E008CFCAF /* KeychainDataStore.h */ = {isa = PBXFileReference; fileEncoding = 4; lastKnownFileType = sourcecode.c.h; path = KeychainDataStore.h; sourceTree = "<group>"; };
		5A9A88822020B24E008CFCAF /* HashMap.h */ = {isa = PBXFileReference; fileEncoding = 4; lastKnownFileType = sourcecode.c.h; path = HashMap.h; sourceTree = "<group>"; };
		5A9A88832020B24E008CFCAF /* ISharedObjectMessage.h */ = {isa = PBXFileReference; fileEncoding = 4; lastKnownFileType = sourcecode.c.h; path = ISharedObjectMessage.h; sourceTree = "<group>"; };
		5A9A88842020B24E008CFCAF /* QueryOptions.h */ = {isa = PBXFileReference; fileEncoding = 4; lastKnownFileType = sourcecode.c.h; path = QueryOptions.h; sourceTree = "<group>"; };
		5A9A88852020B24E008CFCAF /* V3DateReader.h */ = {isa = PBXFileReference; fileEncoding = 4; lastKnownFileType = sourcecode.c.h; path = V3DateReader.h; sourceTree = "<group>"; };
		5A9A88862020B24E008CFCAF /* Logging.h */ = {isa = PBXFileReference; fileEncoding = 4; lastKnownFileType = sourcecode.c.h; path = Logging.h; sourceTree = "<group>"; };
		5A9A88872020B24E008CFCAF /* BoundPropertyBagWriter.h */ = {isa = PBXFileReference; fileEncoding = 4; lastKnownFileType = sourcecode.c.h; path = BoundPropertyBagWriter.h; sourceTree = "<group>"; };
		5A9A88882020B24E008CFCAF /* FileService.h */ = {isa = PBXFileReference; fileEncoding = 4; lastKnownFileType = sourcecode.c.h; path = FileService.h; sourceTree = "<group>"; };
		5A9A88892020B24E008CFCAF /* Call.h */ = {isa = PBXFileReference; fileEncoding = 4; lastKnownFileType = sourcecode.c.h; path = Call.h; sourceTree = "<group>"; };
		5A9A888A2020B24E008CFCAF /* RTSharedObject.h */ = {isa = PBXFileReference; fileEncoding = 4; lastKnownFileType = sourcecode.c.h; path = RTSharedObject.h; sourceTree = "<group>"; };
		5A9A888B2020B24E008CFCAF /* MetaData.h */ = {isa = PBXFileReference; fileEncoding = 4; lastKnownFileType = sourcecode.c.h; path = MetaData.h; sourceTree = "<group>"; };
		5A9A888C2020B24E008CFCAF /* RTMethod.h */ = {isa = PBXFileReference; fileEncoding = 4; lastKnownFileType = sourcecode.c.h; path = RTMethod.h; sourceTree = "<group>"; };
		5A9A888D2020B24E008CFCAF /* SharedObjectEventType.h */ = {isa = PBXFileReference; fileEncoding = 4; lastKnownFileType = sourcecode.c.h; path = SharedObjectEventType.h; sourceTree = "<group>"; };
		5A9A888E2020B24E008CFCAF /* StringWriter.h */ = {isa = PBXFileReference; fileEncoding = 4; lastKnownFileType = sourcecode.c.h; path = StringWriter.h; sourceTree = "<group>"; };
		5A9A888F2020B24E008CFCAF /* Aggregate.h */ = {isa = PBXFileReference; fileEncoding = 4; lastKnownFileType = sourcecode.c.h; path = Aggregate.h; sourceTree = "<group>"; };
		5A9A88902020B24E008CFCAF /* LoadRelationsQueryBuilder.h */ = {isa = PBXFileReference; fileEncoding = 4; lastKnownFileType = sourcecode.c.h; path = LoadRelationsQueryBuilder.h; sourceTree = "<group>"; };
		5A9A88912020B24E008CFCAF /* IPendingServiceCall.h */ = {isa = PBXFileReference; fileEncoding = 4; lastKnownFileType = sourcecode.c.h; path = IPendingServiceCall.h; sourceTree = "<group>"; };
		5A9A88922020B24E008CFCAF /* BackendlessPushHelper.h */ = {isa = PBXFileReference; fileEncoding = 4; lastKnownFileType = sourcecode.c.h; path = BackendlessPushHelper.h; sourceTree = "<group>"; };
		5A9A88932020B24E008CFCAF /* IStreamPacket.h */ = {isa = PBXFileReference; fileEncoding = 4; lastKnownFileType = sourcecode.c.h; path = IStreamPacket.h; sourceTree = "<group>"; };
		5A9A88942020B24E008CFCAF /* MessageWriter.h */ = {isa = PBXFileReference; fileEncoding = 4; lastKnownFileType = sourcecode.c.h; path = MessageWriter.h; sourceTree = "<group>"; };
		5A9A88952020B24E008CFCAF /* Invoke.h */ = {isa = PBXFileReference; fileEncoding = 4; lastKnownFileType = sourcecode.c.h; path = Invoke.h; sourceTree = "<group>"; };
		5A9A88962020B24E008CFCAF /* HttpEngine.h */ = {isa = PBXFileReference; fileEncoding = 4; lastKnownFileType = sourcecode.c.h; path = HttpEngine.h; sourceTree = "<group>"; };
		5A9A88972020B24E008CFCAF /* NamedObjectReader.h */ = {isa = PBXFileReference; fileEncoding = 4; lastKnownFileType = sourcecode.c.h; path = NamedObjectReader.h; sourceTree = "<group>"; };
		5A9A88982020B24E008CFCAF /* V3ObjectSerializer.h */ = {isa = PBXFileReference; fileEncoding = 4; lastKnownFileType = sourcecode.c.h; path = V3ObjectSerializer.h; sourceTree = "<group>"; };
		5A9A88992020B24E008CFCAF /* ErrMessage.h */ = {isa = PBXFileReference; fileEncoding = 4; lastKnownFileType = sourcecode.c.h; path = ErrMessage.h; sourceTree = "<group>"; };
		5A9A889A2020B24E008CFCAF /* IEventDispatcher.h */ = {isa = PBXFileReference; fileEncoding = 4; lastKnownFileType = sourcecode.c.h; path = IEventDispatcher.h; sourceTree = "<group>"; };
		5A9A889B2020B24E008CFCAF /* RTFactory.h */ = {isa = PBXFileReference; fileEncoding = 4; lastKnownFileType = sourcecode.c.h; path = RTFactory.h; sourceTree = "<group>"; };
		5A9A889C2020B24E008CFCAF /* UserProperty.h */ = {isa = PBXFileReference; fileEncoding = 4; lastKnownFileType = sourcecode.c.h; path = UserProperty.h; sourceTree = "<group>"; };
		5A9A889D2020B24E008CFCAF /* Datatypes.h */ = {isa = PBXFileReference; fileEncoding = 4; lastKnownFileType = sourcecode.c.h; path = Datatypes.h; sourceTree = "<group>"; };
		5A9A889E2020B24E008CFCAF /* SharedObjectEvent.h */ = {isa = PBXFileReference; fileEncoding = 4; lastKnownFileType = sourcecode.c.h; path = SharedObjectEvent.h; sourceTree = "<group>"; };
		5A9A889F2020B24E008CFCAF /* BinaryStream.h */ = {isa = PBXFileReference; fileEncoding = 4; lastKnownFileType = sourcecode.c.h; path = BinaryStream.h; sourceTree = "<group>"; };
		5A9A88A02020B24E008CFCAF /* RTDataStore.h */ = {isa = PBXFileReference; fileEncoding = 4; lastKnownFileType = sourcecode.c.h; path = RTDataStore.h; sourceTree = "<group>"; };
		5A9A88A12020B24E008CFCAF /* PagedQueryBuilder.h */ = {isa = PBXFileReference; fileEncoding = 4; lastKnownFileType = sourcecode.c.h; path = PagedQueryBuilder.h; sourceTree = "<group>"; };
		5A9A88A22020B24E008CFCAF /* BeaconTracker.h */ = {isa = PBXFileReference; fileEncoding = 4; lastKnownFileType = sourcecode.c.h; path = BeaconTracker.h; sourceTree = "<group>"; };
		5A9A88A32020B24E008CFCAF /* IAtomicCounters.h */ = {isa = PBXFileReference; fileEncoding = 4; lastKnownFileType = sourcecode.c.h; path = IAtomicCounters.h; sourceTree = "<group>"; };
		5A9A88A42020B24E008CFCAF /* AbstractUnreferenceableTypeWriter.h */ = {isa = PBXFileReference; fileEncoding = 4; lastKnownFileType = sourcecode.c.h; path = AbstractUnreferenceableTypeWriter.h; sourceTree = "<group>"; };
		5A9A88A52020B24E008CFCAF /* BackendlessCacheProtocol.h */ = {isa = PBXFileReference; fileEncoding = 4; lastKnownFileType = sourcecode.c.h; path = BackendlessCacheProtocol.h; sourceTree = "<group>"; };
		5A9A88A62020B24E008CFCAF /* SharedObject.h */ = {isa = PBXFileReference; fileEncoding = 4; lastKnownFileType = sourcecode.c.h; path = SharedObject.h; sourceTree = "<group>"; };
		5A9A88A72020B24E008CFCAF /* V3ArrayReader.h */ = {isa = PBXFileReference; fileEncoding = 4; lastKnownFileType = sourcecode.c.h; path = V3ArrayReader.h; sourceTree = "<group>"; };
		5A9A88A82020B24E008CFCAF /* AttributeStore.h */ = {isa = PBXFileReference; fileEncoding = 4; lastKnownFileType = sourcecode.c.h; path = AttributeStore.h; sourceTree = "<group>"; };
		5A9A88A92020B24E008CFCAF /* V3Reader.h */ = {isa = PBXFileReference; fileEncoding = 4; lastKnownFileType = sourcecode.c.h; path = V3Reader.h; sourceTree = "<group>"; };
		5A9A88AA2020B24E008CFCAF /* CrowdNode.h */ = {isa = PBXFileReference; fileEncoding = 4; lastKnownFileType = sourcecode.c.h; path = CrowdNode.h; sourceTree = "<group>"; };
		5A9A88AB2020B24E008CFCAF /* ICacheService.h */ = {isa = PBXFileReference; fileEncoding = 4; lastKnownFileType = sourcecode.c.h; path = ICacheService.h; sourceTree = "<group>"; };
		5A9A88AC2020B24E008CFCAF /* AbstractQuery.h */ = {isa = PBXFileReference; fileEncoding = 4; lastKnownFileType = sourcecode.c.h; path = AbstractQuery.h; sourceTree = "<group>"; };
		5A9A88AD2020B24E008CFCAF /* DateWriter.h */ = {isa = PBXFileReference; fileEncoding = 4; lastKnownFileType = sourcecode.c.h; path = DateWriter.h; sourceTree = "<group>"; };
		5A9A88AE2020B24E008CFCAF /* ObjectSerializer.h */ = {isa = PBXFileReference; fileEncoding = 4; lastKnownFileType = sourcecode.c.h; path = ObjectSerializer.h; sourceTree = "<group>"; };
		5A9A88AF2020B24E008CFCAF /* CacheFactory.h */ = {isa = PBXFileReference; fileEncoding = 4; lastKnownFileType = sourcecode.c.h; path = CacheFactory.h; sourceTree = "<group>"; };
		5A9A88B02020B24E008CFCAF /* DeviceRegistration.h */ = {isa = PBXFileReference; fileEncoding = 4; lastKnownFileType = sourcecode.c.h; path = DeviceRegistration.h; sourceTree = "<group>"; };
		5A9A88B12020B24E008CFCAF /* IDeserializer.h */ = {isa = PBXFileReference; fileEncoding = 4; lastKnownFileType = sourcecode.c.h; path = IDeserializer.h; sourceTree = "<group>"; };
		5A9A88B22020B24E008CFCAF /* RTPersistence.h */ = {isa = PBXFileReference; fileEncoding = 4; lastKnownFileType = sourcecode.c.h; path = RTPersistence.h; sourceTree = "<group>"; };
		5A9A88B32020B24E008CFCAF /* BooleanType.h */ = {isa = PBXFileReference; fileEncoding = 4; lastKnownFileType = sourcecode.c.h; path = BooleanType.h; sourceTree = "<group>"; };
		5A9A88B42020B24E008CFCAF /* V3ObjectReader.h */ = {isa = PBXFileReference; fileEncoding = 4; lastKnownFileType = sourcecode.c.h; path = V3ObjectReader.h; sourceTree = "<group>"; };
		5A9A88B52020B24E008CFCAF /* BackendlessSimpleQuery.h */ = {isa = PBXFileReference; fileEncoding = 4; lastKnownFileType = sourcecode.c.h; path = BackendlessSimpleQuery.h; sourceTree = "<group>"; };
		5A9A88B62020B24E008CFCAF /* BackendlessCacheKey.h */ = {isa = PBXFileReference; fileEncoding = 4; lastKnownFileType = sourcecode.c.h; path = BackendlessCacheKey.h; sourceTree = "<group>"; };
		5A9A88B72020B24E008CFCAF /* GeoService.h */ = {isa = PBXFileReference; fileEncoding = 4; lastKnownFileType = sourcecode.c.h; path = GeoService.h; sourceTree = "<group>"; };
		5A9A88B82020B24E008CFCAF /* CustomService.h */ = {isa = PBXFileReference; fileEncoding = 4; lastKnownFileType = sourcecode.c.h; path = CustomService.h; sourceTree = "<group>"; };
		5A9A88B92020B24E008CFCAF /* IEvent.h */ = {isa = PBXFileReference; fileEncoding = 4; lastKnownFileType = sourcecode.c.h; path = IEvent.h; sourceTree = "<group>"; };
		5A9A88BA2020B24E008CFCAF /* BinaryCodec.h */ = {isa = PBXFileReference; fileEncoding = 4; lastKnownFileType = sourcecode.c.h; path = BinaryCodec.h; sourceTree = "<group>"; };
		5A9A88BB2020B24E008CFCAF /* WebORBSerializer.h */ = {isa = PBXFileReference; fileEncoding = 4; lastKnownFileType = sourcecode.c.h; path = WebORBSerializer.h; sourceTree = "<group>"; };
		5A9A88BC2020B24E008CFCAF /* V3VectorReader.h */ = {isa = PBXFileReference; fileEncoding = 4; lastKnownFileType = sourcecode.c.h; path = V3VectorReader.h; sourceTree = "<group>"; };
		5A9A88BD2020B24E008CFCAF /* FlashorbBinaryWriter.h */ = {isa = PBXFileReference; fileEncoding = 4; lastKnownFileType = sourcecode.c.h; path = FlashorbBinaryWriter.h; sourceTree = "<group>"; };
		5A9A88BE2020B24E008CFCAF /* GeoCluster.h */ = {isa = PBXFileReference; fileEncoding = 4; lastKnownFileType = sourcecode.c.h; path = GeoCluster.h; sourceTree = "<group>"; };
		5A9A88BF2020B24E008CFCAF /* RTListener.h */ = {isa = PBXFileReference; fileEncoding = 4; lastKnownFileType = sourcecode.c.h; path = RTListener.h; sourceTree = "<group>"; };
		5A9A88C02020B24E008CFCAF /* PropertyBagWriter.h */ = {isa = PBXFileReference; fileEncoding = 4; lastKnownFileType = sourcecode.c.h; path = PropertyBagWriter.h; sourceTree = "<group>"; };
		5A9A88C12020B24E008CFCAF /* Packet.h */ = {isa = PBXFileReference; fileEncoding = 4; lastKnownFileType = sourcecode.c.h; path = Packet.h; sourceTree = "<group>"; };
		5A9A88C22020B24E008CFCAF /* FilePermission.h */ = {isa = PBXFileReference; fileEncoding = 4; lastKnownFileType = sourcecode.c.h; path = FilePermission.h; sourceTree = "<group>"; };
		5A9A88C32020B24E008CFCAF /* ISharedObjectEvent.h */ = {isa = PBXFileReference; fileEncoding = 4; lastKnownFileType = sourcecode.c.h; path = ISharedObjectEvent.h; sourceTree = "<group>"; };
		5A9A88C42020B24E008CFCAF /* AsyncMessage.h */ = {isa = PBXFileReference; fileEncoding = 4; lastKnownFileType = sourcecode.c.h; path = AsyncMessage.h; sourceTree = "<group>"; };
		5A9A88C52020B24E008CFCAF /* IAttributeStore.h */ = {isa = PBXFileReference; fileEncoding = 4; lastKnownFileType = sourcecode.c.h; path = IAttributeStore.h; sourceTree = "<group>"; };
		5A9A88C62020B24E008CFCAF /* IntegerReader.h */ = {isa = PBXFileReference; fileEncoding = 4; lastKnownFileType = sourcecode.c.h; path = IntegerReader.h; sourceTree = "<group>"; };
		5A9A88C72020B24E008CFCAF /* IObjectSerializer.h */ = {isa = PBXFileReference; fileEncoding = 4; lastKnownFileType = sourcecode.c.h; path = IObjectSerializer.h; sourceTree = "<group>"; };
		5A9A88C82020B24E008CFCAF /* AtomicCounters.h */ = {isa = PBXFileReference; fileEncoding = 4; lastKnownFileType = sourcecode.c.h; path = AtomicCounters.h; sourceTree = "<group>"; };
		5A9A88C92020B24E008CFCAF /* V3ReferenceCache.h */ = {isa = PBXFileReference; fileEncoding = 4; lastKnownFileType = sourcecode.c.h; path = V3ReferenceCache.h; sourceTree = "<group>"; };
		5A9A88CA2020B24E008CFCAF /* IPendingServiceCallback.h */ = {isa = PBXFileReference; fileEncoding = 4; lastKnownFileType = sourcecode.c.h; path = IPendingServiceCallback.h; sourceTree = "<group>"; };
		5A9A88CB2020B24E008CFCAF /* IPresenceListener.h */ = {isa = PBXFileReference; fileEncoding = 4; lastKnownFileType = sourcecode.c.h; path = IPresenceListener.h; sourceTree = "<group>"; };
		5A9A88CC2020B24E008CFCAF /* BackendlessGeoQuery.h */ = {isa = PBXFileReference; fileEncoding = 4; lastKnownFileType = sourcecode.c.h; path = BackendlessGeoQuery.h; sourceTree = "<group>"; };
		5A9A88CD2020B24E008CFCAF /* InvokeObject.h */ = {isa = PBXFileReference; fileEncoding = 4; lastKnownFileType = sourcecode.c.h; path = InvokeObject.h; sourceTree = "<group>"; };
		5A9A88CE2020B24E008CFCAF /* Subscription.h */ = {isa = PBXFileReference; fileEncoding = 4; lastKnownFileType = sourcecode.c.h; path = Subscription.h; sourceTree = "<group>"; };
		5A9A88CF2020B24E008CFCAF /* UICKeyChainStore.h */ = {isa = PBXFileReference; fileEncoding = 4; lastKnownFileType = sourcecode.c.h; path = UICKeyChainStore.h; sourceTree = "<group>"; };
		5A9A88D02020B24E008CFCAF /* DataQueryBuilder.h */ = {isa = PBXFileReference; fileEncoding = 4; lastKnownFileType = sourcecode.c.h; path = DataQueryBuilder.h; sourceTree = "<group>"; };
		5A9A88D12020B24E008CFCAF /* ClientCallback.h */ = {isa = PBXFileReference; fileEncoding = 4; lastKnownFileType = sourcecode.c.h; path = ClientCallback.h; sourceTree = "<group>"; };
		5A9A88D22020B24E008CFCAF /* BulkResultObject.h */ = {isa = PBXFileReference; fileEncoding = 4; lastKnownFileType = sourcecode.c.h; path = BulkResultObject.h; sourceTree = "<group>"; };
		5A9A88D32020B24E008CFCAF /* RequestParser.h */ = {isa = PBXFileReference; fileEncoding = 4; lastKnownFileType = sourcecode.c.h; path = RequestParser.h; sourceTree = "<group>"; };
		5A9A88D42020B24E008CFCAF /* SharedObjectService.h */ = {isa = PBXFileReference; fileEncoding = 4; lastKnownFileType = sourcecode.c.h; path = SharedObjectService.h; sourceTree = "<group>"; };
		5A9A88D52020B24E008CFCAF /* BackendlessEntity.h */ = {isa = PBXFileReference; fileEncoding = 4; lastKnownFileType = sourcecode.c.h; path = BackendlessEntity.h; sourceTree = "<group>"; };
		5A9A88D62020B24E008CFCAF /* NumberWriter.h */ = {isa = PBXFileReference; fileEncoding = 4; lastKnownFileType = sourcecode.c.h; path = NumberWriter.h; sourceTree = "<group>"; };
		5A9A88D72020B24E008CFCAF /* Request.h */ = {isa = PBXFileReference; fileEncoding = 4; lastKnownFileType = sourcecode.c.h; path = Request.h; sourceTree = "<group>"; };
		5A9A88D82020B24E008CFCAF /* NumberObject.h */ = {isa = PBXFileReference; fileEncoding = 4; lastKnownFileType = sourcecode.c.h; path = NumberObject.h; sourceTree = "<group>"; };
		5A9A88D92020B24E008CFCAF /* MultiDimArrayWriter.h */ = {isa = PBXFileReference; fileEncoding = 4; lastKnownFileType = sourcecode.c.h; path = MultiDimArrayWriter.h; sourceTree = "<group>"; };
		5A9A88DA2020B24E008CFCAF /* ISharedObjectBase.h */ = {isa = PBXFileReference; fileEncoding = 4; lastKnownFileType = sourcecode.c.h; path = ISharedObjectBase.h; sourceTree = "<group>"; };
		5A9A88DB2020B24E008CFCAF /* IStreamDispatcher.h */ = {isa = PBXFileReference; fileEncoding = 4; lastKnownFileType = sourcecode.c.h; path = IStreamDispatcher.h; sourceTree = "<group>"; };
		5A9A88DC2020B24E008CFCAF /* ReferenceCache.h */ = {isa = PBXFileReference; fileEncoding = 4; lastKnownFileType = sourcecode.c.h; path = ReferenceCache.h; sourceTree = "<group>"; };
		5A9A88DD2020B24E008CFCAF /* IServiceObjectFactory.h */ = {isa = PBXFileReference; fileEncoding = 4; lastKnownFileType = sourcecode.c.h; path = IServiceObjectFactory.h; sourceTree = "<group>"; };
		5A9A88DE2020B24E008CFCAF /* ClassDefinition.h */ = {isa = PBXFileReference; fileEncoding = 4; lastKnownFileType = sourcecode.c.h; path = ClassDefinition.h; sourceTree = "<group>"; };
		5A9A88DF2020B24E008CFCAF /* BackendlessCachePolicy.h */ = {isa = PBXFileReference; fileEncoding = 4; lastKnownFileType = sourcecode.c.h; path = BackendlessCachePolicy.h; sourceTree = "<group>"; };
		5A9A88E02020B24E008CFCAF /* IPersistable.h */ = {isa = PBXFileReference; fileEncoding = 4; lastKnownFileType = sourcecode.c.h; path = IPersistable.h; sourceTree = "<group>"; };
		5A9A88E12020B24E008CFCAF /* MapDrivenDataStore.h */ = {isa = PBXFileReference; fileEncoding = 4; lastKnownFileType = sourcecode.c.h; path = MapDrivenDataStore.h; sourceTree = "<group>"; };
		5A9A88E22020B24E008CFCAF /* ICacheableAdaptingType.h */ = {isa = PBXFileReference; fileEncoding = 4; lastKnownFileType = sourcecode.c.h; path = ICacheableAdaptingType.h; sourceTree = "<group>"; };
		5A9A88E32020B24E008CFCAF /* StringReferenceWriter.h */ = {isa = PBXFileReference; fileEncoding = 4; lastKnownFileType = sourcecode.c.h; path = StringReferenceWriter.h; sourceTree = "<group>"; };
		5A9A88E42020B24E008CFCAF /* AtomicCountersFactory.h */ = {isa = PBXFileReference; fileEncoding = 4; lastKnownFileType = sourcecode.c.h; path = AtomicCountersFactory.h; sourceTree = "<group>"; };
		5A9A88E52020B24E008CFCAF /* NotifyEvent.h */ = {isa = PBXFileReference; fileEncoding = 4; lastKnownFileType = sourcecode.c.h; path = NotifyEvent.h; sourceTree = "<group>"; };
		5A9A88E62020B24E008CFCAF /* BackendlessUser.h */ = {isa = PBXFileReference; fileEncoding = 4; lastKnownFileType = sourcecode.c.h; path = BackendlessUser.h; sourceTree = "<group>"; };
		5A9A88E72020B24E008CFCAF /* ObjectFactories.h */ = {isa = PBXFileReference; fileEncoding = 4; lastKnownFileType = sourcecode.c.h; path = ObjectFactories.h; sourceTree = "<group>"; };
		5A9A88E82020B24E008CFCAF /* Logger.h */ = {isa = PBXFileReference; fileEncoding = 4; lastKnownFileType = sourcecode.c.h; path = Logger.h; sourceTree = "<group>"; };
		5A9A88E92020B24E008CFCAF /* BoundPropertyBagReader.h */ = {isa = PBXFileReference; fileEncoding = 4; lastKnownFileType = sourcecode.c.h; path = BoundPropertyBagReader.h; sourceTree = "<group>"; };
		5A9A88EA2020B24E008CFCAF /* StringType.h */ = {isa = PBXFileReference; fileEncoding = 4; lastKnownFileType = sourcecode.c.h; path = StringType.h; sourceTree = "<group>"; };
		5A9A88EB2020B24E008CFCAF /* NullType.h */ = {isa = PBXFileReference; fileEncoding = 4; lastKnownFileType = sourcecode.c.h; path = NullType.h; sourceTree = "<group>"; };
		5A9A88EC2020B24E008CFCAF /* AmfFormatter.h */ = {isa = PBXFileReference; fileEncoding = 4; lastKnownFileType = sourcecode.c.h; path = AmfFormatter.h; sourceTree = "<group>"; };
		5A9A88ED2020B24E008CFCAF /* WebORBDeserializer.h */ = {isa = PBXFileReference; fileEncoding = 4; lastKnownFileType = sourcecode.c.h; path = WebORBDeserializer.h; sourceTree = "<group>"; };
		5A9A88EE2020B24E008CFCAF /* UserInfo.h */ = {isa = PBXFileReference; fileEncoding = 4; lastKnownFileType = sourcecode.c.h; path = UserInfo.h; sourceTree = "<group>"; };
		5A9A88EF2020B24E008CFCAF /* V3ByteArrayReader.h */ = {isa = PBXFileReference; fileEncoding = 4; lastKnownFileType = sourcecode.c.h; path = V3ByteArrayReader.h; sourceTree = "<group>"; };
		5A9A88F02020B24E008CFCAF /* AckMessage.h */ = {isa = PBXFileReference; fileEncoding = 4; lastKnownFileType = sourcecode.c.h; path = AckMessage.h; sourceTree = "<group>"; };
		5A9A88F12020B24E008CFCAF /* ISharedObjectHandlerProvider.h */ = {isa = PBXFileReference; fileEncoding = 4; lastKnownFileType = sourcecode.c.h; path = ISharedObjectHandlerProvider.h; sourceTree = "<group>"; };
		5A9A88F22020B24E008CFCAF /* MessageStatus.h */ = {isa = PBXFileReference; fileEncoding = 4; lastKnownFileType = sourcecode.c.h; path = MessageStatus.h; sourceTree = "<group>"; };
		5A9A88F32020B24E008CFCAF /* ArrayWriter.h */ = {isa = PBXFileReference; fileEncoding = 4; lastKnownFileType = sourcecode.c.h; path = ArrayWriter.h; sourceTree = "<group>"; };
		5A9A88F42020B24E008CFCAF /* BackendlessDataQuery.h */ = {isa = PBXFileReference; fileEncoding = 4; lastKnownFileType = sourcecode.c.h; path = BackendlessDataQuery.h; sourceTree = "<group>"; };
		5A9A88F52020B24E008CFCAF /* Responder.h */ = {isa = PBXFileReference; fileEncoding = 4; lastKnownFileType = sourcecode.c.h; path = Responder.h; sourceTree = "<group>"; };
		5A9A88F62020B24E008CFCAF /* SharedObjectMessage.h */ = {isa = PBXFileReference; fileEncoding = 4; lastKnownFileType = sourcecode.c.h; path = SharedObjectMessage.h; sourceTree = "<group>"; };
		5A9A88F72020B24E008CFCAF /* ICallback.h */ = {isa = PBXFileReference; fileEncoding = 4; lastKnownFileType = sourcecode.c.h; path = ICallback.h; sourceTree = "<group>"; };
		5A9A88F82020B24E008CFCAF /* ObjectWriter.h */ = {isa = PBXFileReference; fileEncoding = 4; lastKnownFileType = sourcecode.c.h; path = ObjectWriter.h; sourceTree = "<group>"; };
		5A9A88F92020B24E008CFCAF /* RTMPConstants.h */ = {isa = PBXFileReference; fileEncoding = 4; lastKnownFileType = sourcecode.c.h; path = RTMPConstants.h; sourceTree = "<group>"; };
		5A9A88FA2020B24E008CFCAF /* ITypeReader.h */ = {isa = PBXFileReference; fileEncoding = 4; lastKnownFileType = sourcecode.c.h; path = ITypeReader.h; sourceTree = "<group>"; };
		5A9A88FB2020B24E008CFCAF /* UserService.h */ = {isa = PBXFileReference; fileEncoding = 4; lastKnownFileType = sourcecode.c.h; path = UserService.h; sourceTree = "<group>"; };
		5A9A88FC2020B24E008CFCAF /* DeliveryOptions.h */ = {isa = PBXFileReference; fileEncoding = 4; lastKnownFileType = sourcecode.c.h; path = DeliveryOptions.h; sourceTree = "<group>"; };
		5A9A88FD2020B24E008CFCAF /* PersistenceService.h */ = {isa = PBXFileReference; fileEncoding = 4; lastKnownFileType = sourcecode.c.h; path = PersistenceService.h; sourceTree = "<group>"; };
		5A9A88FE2020B24E008CFCAF /* IAdaptingType.h */ = {isa = PBXFileReference; fileEncoding = 4; lastKnownFileType = sourcecode.c.h; path = IAdaptingType.h; sourceTree = "<group>"; };
		5A9A88FF2020B24E008CFCAF /* UndefinedType.h */ = {isa = PBXFileReference; fileEncoding = 4; lastKnownFileType = sourcecode.c.h; path = UndefinedType.h; sourceTree = "<group>"; };
		5A9A89002020B24E008CFCAF /* AnonymousObjectReader.h */ = {isa = PBXFileReference; fileEncoding = 4; lastKnownFileType = sourcecode.c.h; path = AnonymousObjectReader.h; sourceTree = "<group>"; };
		5A9A89012020B24E008CFCAF /* BackendlessCacheData.h */ = {isa = PBXFileReference; fileEncoding = 4; lastKnownFileType = sourcecode.c.h; path = BackendlessCacheData.h; sourceTree = "<group>"; };
		5A9A89022020B24E008CFCAF /* UndefinedTypeReader.h */ = {isa = PBXFileReference; fileEncoding = 4; lastKnownFileType = sourcecode.c.h; path = UndefinedTypeReader.h; sourceTree = "<group>"; };
		5A9A89032020B24E008CFCAF /* DataPermission.h */ = {isa = PBXFileReference; fileEncoding = 4; lastKnownFileType = sourcecode.c.h; path = DataPermission.h; sourceTree = "<group>"; };
		5A9A89042020B24E008CFCAF /* ClientSharedObject.h */ = {isa = PBXFileReference; fileEncoding = 4; lastKnownFileType = sourcecode.c.h; path = ClientSharedObject.h; sourceTree = "<group>"; };
		5A9A89052020B24E008CFCAF /* Ping.h */ = {isa = PBXFileReference; fileEncoding = 4; lastKnownFileType = sourcecode.c.h; path = Ping.h; sourceTree = "<group>"; };
		5A9A89062020B24E008CFCAF /* ParseContext.h */ = {isa = PBXFileReference; fileEncoding = 4; lastKnownFileType = sourcecode.c.h; path = ParseContext.h; sourceTree = "<group>"; };
		5A9A89072020B24E008CFCAF /* AMFSerializer.h */ = {isa = PBXFileReference; fileEncoding = 4; lastKnownFileType = sourcecode.c.h; path = AMFSerializer.h; sourceTree = "<group>"; };
		5A9A89082020B24E008CFCAF /* BooleanWriter.h */ = {isa = PBXFileReference; fileEncoding = 4; lastKnownFileType = sourcecode.c.h; path = BooleanWriter.h; sourceTree = "<group>"; };
		5A9A89092020B24E008CFCAF /* LongUTFStringReader.h */ = {isa = PBXFileReference; fileEncoding = 4; lastKnownFileType = sourcecode.c.h; path = LongUTFStringReader.h; sourceTree = "<group>"; };
		5A9A890A2020B24E008CFCAF /* VideoData.h */ = {isa = PBXFileReference; fileEncoding = 4; lastKnownFileType = sourcecode.c.h; path = VideoData.h; sourceTree = "<group>"; };
		5A9A890B2020B24E008CFCAF /* BaseRTMPProtocolDecoder.h */ = {isa = PBXFileReference; fileEncoding = 4; lastKnownFileType = sourcecode.c.h; path = BaseRTMPProtocolDecoder.h; sourceTree = "<group>"; };
		5A9A890C2020B24E008CFCAF /* ArrayReferenceWriter.h */ = {isa = PBXFileReference; fileEncoding = 4; lastKnownFileType = sourcecode.c.h; path = ArrayReferenceWriter.h; sourceTree = "<group>"; };
		5A9A890D2020B24E008CFCAF /* BeaconsInfo.h */ = {isa = PBXFileReference; fileEncoding = 4; lastKnownFileType = sourcecode.c.h; path = BeaconsInfo.h; sourceTree = "<group>"; };
		5A9A890E2020B24E008CFCAF /* BEFileInfo.h */ = {isa = PBXFileReference; fileEncoding = 4; lastKnownFileType = sourcecode.c.h; path = BEFileInfo.h; sourceTree = "<group>"; };
		5A9A890F2020B24E008CFCAF /* V3Message.h */ = {isa = PBXFileReference; fileEncoding = 4; lastKnownFileType = sourcecode.c.h; path = V3Message.h; sourceTree = "<group>"; };
		5A9A89102020B24E008CFCAF /* AudioData.h */ = {isa = PBXFileReference; fileEncoding = 4; lastKnownFileType = sourcecode.c.h; path = AudioData.h; sourceTree = "<group>"; };
		5A9A89112020B24E008CFCAF /* BodyHolderFactory.h */ = {isa = PBXFileReference; fileEncoding = 4; lastKnownFileType = sourcecode.c.h; path = BodyHolderFactory.h; sourceTree = "<group>"; };
		5A9A89122020B24E008CFCAF /* ReaderReferenceCache.h */ = {isa = PBXFileReference; fileEncoding = 4; lastKnownFileType = sourcecode.c.h; path = ReaderReferenceCache.h; sourceTree = "<group>"; };
		5A9A89132020B24E008CFCAF /* NullWriter.h */ = {isa = PBXFileReference; fileEncoding = 4; lastKnownFileType = sourcecode.c.h; path = NullWriter.h; sourceTree = "<group>"; };
		5A9A89142020B24E008CFCAF /* CommandMessage.h */ = {isa = PBXFileReference; fileEncoding = 4; lastKnownFileType = sourcecode.c.h; path = CommandMessage.h; sourceTree = "<group>"; };
		5A9A89152020B24E008CFCAF /* MemoryTicker.h */ = {isa = PBXFileReference; fileEncoding = 4; lastKnownFileType = sourcecode.c.h; path = MemoryTicker.h; sourceTree = "<group>"; };
		5A9A89162020B24E008CFCAF /* ConcreteObject.h */ = {isa = PBXFileReference; fileEncoding = 4; lastKnownFileType = sourcecode.c.h; path = ConcreteObject.h; sourceTree = "<group>"; };
		5AC66FCE201A208B00AD3E1E /* DispatchQueue+Logic.swift */ = {isa = PBXFileReference; lastKnownFileType = sourcecode.swift; path = "DispatchQueue+Logic.swift"; sourceTree = "<group>"; };
		5AC83AF2201B7ACE0026D589 /* ChatDetailsViewController.swift */ = {isa = PBXFileReference; lastKnownFileType = sourcecode.swift; path = ChatDetailsViewController.swift; sourceTree = "<group>"; };
		66D3C872FF6504A7EC6F8D80 /* Pods-BackendlessRTChatSwift.debug.xcconfig */ = {isa = PBXFileReference; includeInIndex = 1; lastKnownFileType = text.xcconfig; name = "Pods-BackendlessRTChatSwift.debug.xcconfig"; path = "Pods/Target Support Files/Pods-BackendlessRTChatSwift/Pods-BackendlessRTChatSwift.debug.xcconfig"; sourceTree = "<group>"; };
		DDBA688ECE2DC17FB6A26A6D /* Pods-BackendlessRTChatSwift.release.xcconfig */ = {isa = PBXFileReference; includeInIndex = 1; lastKnownFileType = text.xcconfig; name = "Pods-BackendlessRTChatSwift.release.xcconfig"; path = "Pods/Target Support Files/Pods-BackendlessRTChatSwift/Pods-BackendlessRTChatSwift.release.xcconfig"; sourceTree = "<group>"; };
/* End PBXFileReference section */

/* Begin PBXFrameworksBuildPhase section */
		5A8A1F6520162C4D00A38FF4 /* Frameworks */ = {
			isa = PBXFrameworksBuildPhase;
			buildActionMask = 2147483647;
			files = (
				5A9A89172020B24F008CFCAF /* libbkndlss-simulator.a in Frameworks */,
				1CC81FBB390FC8BFA4DB6935 /* Pods_BackendlessRTChatSwift.framework in Frameworks */,
			);
			runOnlyForDeploymentPostprocessing = 0;
		};
/* End PBXFrameworksBuildPhase section */

/* Begin PBXGroup section */
		29DD69898BD987A4218F9784 /* Pods */ = {
			isa = PBXGroup;
			children = (
				66D3C872FF6504A7EC6F8D80 /* Pods-BackendlessRTChatSwift.debug.xcconfig */,
				DDBA688ECE2DC17FB6A26A6D /* Pods-BackendlessRTChatSwift.release.xcconfig */,
			);
			name = Pods;
			sourceTree = "<group>";
		};
		5A7332C2201F0D6E005755FA /* Images */ = {
			isa = PBXGroup;
			children = (
				5A7332C3201F0D6E005755FA /* backendlessLogo.png */,
			);
			path = Images;
			sourceTree = "<group>";
		};
		5A8A1F5F20162C4D00A38FF4 = {
			isa = PBXGroup;
			children = (
				5A9A881A2020B24E008CFCAF /* lib */,
				5A7332C2201F0D6E005755FA /* Images */,
				5A8A1F6A20162C4D00A38FF4 /* BackendlessRTChatSwift */,
				5A8A1F6920162C4D00A38FF4 /* Products */,
				29DD69898BD987A4218F9784 /* Pods */,
				8BFEE4A60C775EE9F223DF69 /* Frameworks */,
			);
			sourceTree = "<group>";
		};
		5A8A1F6920162C4D00A38FF4 /* Products */ = {
			isa = PBXGroup;
			children = (
				5A8A1F6820162C4D00A38FF4 /* BackendlessRTChatSwift.app */,
			);
			name = Products;
			sourceTree = "<group>";
		};
		5A8A1F6A20162C4D00A38FF4 /* BackendlessRTChatSwift */ = {
			isa = PBXGroup;
			children = (
				5A8A1F8320162D3F00A38FF4 /* View Controllers */,
				5A8A1F6B20162C4D00A38FF4 /* AppDelegate.swift */,
				5A62E6022019ECCB00C48167 /* Chat.swift */,
				5A62E6062019F1EA00C48167 /* ChatMember.swift */,
				5AC66FCE201A208B00AD3E1E /* DispatchQueue+Logic.swift */,
				5A8A1F7720162C4D00A38FF4 /* Info.plist */,
				5A8A1F7F20162CAD00A38FF4 /* Main.storyboard */,
				5A8A1F7D20162CAC00A38FF4 /* LaunchScreen.storyboard */,
				5A8A1F7220162C4D00A38FF4 /* Assets.xcassets */,
			);
			path = BackendlessRTChatSwift;
			sourceTree = "<group>";
		};
		5A8A1F8320162D3F00A38FF4 /* View Controllers */ = {
			isa = PBXGroup;
			children = (
				5A245CB22018E59800AFC0F1 /* AlertController.swift */,
				5A920C362019C49700A84506 /* LoginViewController.swift */,
				5A62E5FE2019EBC700C48167 /* SplitViewController.swift */,
				5A62E6042019F07A00C48167 /* ChatsViewController.swift */,
				5A62E6002019EC7900C48167 /* ChatViewController.swift */,
				5AC83AF2201B7ACE0026D589 /* ChatDetailsViewController.swift */,
				5A7332C5201F30CA005755FA /* MembersViewController.swift */,
			);
			path = "View Controllers";
			sourceTree = "<group>";
		};
		5A9A881A2020B24E008CFCAF /* lib */ = {
			isa = PBXGroup;
			children = (
				5A9A881B2020B24E008CFCAF /* backendless */,
			);
			path = lib;
			sourceTree = "<group>";
		};
		5A9A881B2020B24E008CFCAF /* backendless */ = {
			isa = PBXGroup;
			children = (
				5A9A881C2020B24E008CFCAF /* libbkndlss-simulator.a */,
				5A9A881D2020B24E008CFCAF /* include */,
			);
			path = backendless;
			sourceTree = "<group>";
		};
		5A9A881D2020B24E008CFCAF /* include */ = {
			isa = PBXGroup;
			children = (
				5A9A881E2020B24E008CFCAF /* IArgumentObjectFactory.h */,
				5A9A881F2020B24E008CFCAF /* PublishOptions.h */,
				5A9A88202020B24E008CFCAF /* BackendlessCache.h */,
				5A9A88212020B24E008CFCAF /* BaseRTMPProtocolEncoder.h */,
				5A9A88222020B24E008CFCAF /* IDataStore.h */,
				5A9A88232020B24E008CFCAF /* V3StringReader.h */,
				5A9A88242020B24E008CFCAF /* AMFBodyWriter.h */,
				5A9A88252020B24E008CFCAF /* GeoMath.h */,
				5A9A88262020B24E008CFCAF /* ObjectReferenceWriter.h */,
				5A9A88272020B24E008CFCAF /* FlashorbBinaryReader.h */,
				5A9A88282020B24E008CFCAF /* IRTMProtocol.h */,
				5A9A88292020B24E008CFCAF /* ProtectedBackendlessGeoQuery.h */,
				5A9A882A2020B24E008CFCAF /* WeborbSharedObject.h */,
				5A9A882B2020B24E008CFCAF /* RTMethodRequest.h */,
				5A9A882C2020B24E008CFCAF /* GeoPoint.h */,
				5A9A882D2020B24E008CFCAF /* Backendless.h */,
				5A9A882E2020B24E008CFCAF /* NumberReader.h */,
				5A9A882F2020B24E008CFCAF /* BodyHolderWriter.h */,
				5A9A88302020B24E008CFCAF /* ReaderUtils.h */,
				5A9A88312020B24E008CFCAF /* Backendless-Bridging-Header.h */,
				5A9A88322020B24E008CFCAF /* IVideoStreamCodec.h */,
				5A9A88332020B24E008CFCAF /* PointerReader.h */,
				5A9A88342020B24E008CFCAF /* Engine.h */,
				5A9A88352020B24E008CFCAF /* Channel.h */,
				5A9A88362020B24E008CFCAF /* BodyHolder.h */,
				5A9A88372020B24E008CFCAF /* GeoFence.h */,
				5A9A88382020B24E008CFCAF /* AMFMessageWriter.h */,
				5A9A88392020B24E008CFCAF /* DEBUG.h */,
				5A9A883A2020B24E008CFCAF /* BackendlessFile.h */,
				5A9A883B2020B24E008CFCAF /* NamedObject.h */,
				5A9A883C2020B24E008CFCAF /* FlexMessage.h */,
				5A9A883D2020B24E008CFCAF /* IAudioStreamCodec.h */,
				5A9A883E2020B24E008CFCAF /* PendingCall.h */,
				5A9A883F2020B24E008CFCAF /* BeaconMonitoring.h */,
				5A9A88402020B24E008CFCAF /* QueryOptionsBuilder.h */,
				5A9A88412020B24E008CFCAF /* MHeader.h */,
				5A9A88422020B24E008CFCAF /* SharedObjectChanges.h */,
				5A9A88432020B24E008CFCAF /* AnonymousObject.h */,
				5A9A88442020B24E008CFCAF /* AbstractProperty.h */,
				5A9A88452020B24E008CFCAF /* ByteArrayType.h */,
				5A9A88462020B24E008CFCAF /* ORBConstants.h */,
				5A9A88472020B24E008CFCAF /* Header.h */,
				5A9A88482020B24E008CFCAF /* LocationTracker.h */,
				5A9A88492020B24E008CFCAF /* IRTMPEvent.h */,
				5A9A884A2020B24E008CFCAF /* AMFHeaderWriter.h */,
				5A9A884B2020B24E008CFCAF /* ISharedObjectListener.h */,
				5A9A884C2020B24E008CFCAF /* BodyParts.h */,
				5A9A884D2020B24E008CFCAF /* RTHelper.h */,
				5A9A884E2020B24E008CFCAF /* BackendlessBeacon.h */,
				5A9A884F2020B24E008CFCAF /* RTClient.h */,
				5A9A88502020B24E008CFCAF /* MessagingService.h */,
				5A9A88512020B24E008CFCAF /* AmfV3Formatter.h */,
				5A9A88522020B24E008CFCAF /* ReqMessage.h */,
				5A9A88532020B24E008CFCAF /* DateReader.h */,
				5A9A88542020B24E008CFCAF /* JSONHelper.h */,
				5A9A88552020B24E008CFCAF /* Types.h */,
				5A9A88562020B24E008CFCAF /* NotAReader.h */,
				5A9A88572020B24E008CFCAF /* RTService.h */,
				5A9A88582020B24E008CFCAF /* ICastingAttributeStore.h */,
				5A9A88592020B24E008CFCAF /* ITypeWriter.h */,
				5A9A885A2020B24E008CFCAF /* UTFStringReader.h */,
				5A9A885B2020B24E008CFCAF /* IClientSharedObjectDelegate.h */,
				5A9A885C2020B24E008CFCAF /* DataStoreFactory.h */,
				5A9A885D2020B24E008CFCAF /* IClientSharedObject.h */,
				5A9A885E2020B24E008CFCAF /* UserStatusObject.h */,
				5A9A885F2020B24E008CFCAF /* Body.h */,
				5A9A88602020B24E008CFCAF /* RTSubscription.h */,
				5A9A88612020B24E008CFCAF /* ArrayType.h */,
				5A9A88622020B24E008CFCAF /* IServiceCall.h */,
				5A9A88632020B24E008CFCAF /* RTMPClient.h */,
				5A9A88642020B24E008CFCAF /* Invoker.h */,
				5A9A88652020B24E008CFCAF /* ArrayReader.h */,
				5A9A88662020B24E008CFCAF /* ServerCallback.h */,
				5A9A88672020B24E008CFCAF /* CacheService.h */,
				5A9A88682020B24E008CFCAF /* AbstractReferenceableTypeWriter.h */,
				5A9A88692020B24E008CFCAF /* Events.h */,
				5A9A886A2020B24E008CFCAF /* NullReader.h */,
				5A9A886B2020B24E008CFCAF /* BaseEvent.h */,
				5A9A886C2020B24E008CFCAF /* ReconnectAttemptObject.h */,
				5A9A886D2020B24E008CFCAF /* EventType.h */,
				5A9A886E2020B24E008CFCAF /* RTMessaging.h */,
				5A9A886F2020B24E008CFCAF /* CommandObject.h */,
				5A9A88702020B24E008CFCAF /* WeborbClient.h */,
				5A9A88712020B24E008CFCAF /* Presence.h */,
				5A9A88722020B24E008CFCAF /* ClassCastException.h */,
				5A9A88732020B24E008CFCAF /* AuthorizationException.h */,
				5A9A88742020B24E008CFCAF /* IServiceHandlerProvider.h */,
				5A9A88752020B24E008CFCAF /* BooleanReader.h */,
				5A9A88762020B24E008CFCAF /* IProtocolFormatter.h */,
				5A9A88772020B24E008CFCAF /* IEventListener.h */,
				5A9A88782020B24E008CFCAF /* GeoFenceMonitoring.h */,
				5A9A88792020B24E008CFCAF /* Message.h */,
				5A9A887A2020B24E008CFCAF /* LogBuffer.h */,
				5A9A887B2020B24E008CFCAF /* IPersistenceStore.h */,
				5A9A887C2020B24E008CFCAF /* ISerializer.h */,
				5A9A887D2020B24E008CFCAF /* GeoCategory.h */,
				5A9A887E2020B24E008CFCAF /* DateType.h */,
				5A9A887F2020B24E008CFCAF /* ObjectProperty.h */,
				5A9A88802020B24E008CFCAF /* RTMProtocol.h */,
				5A9A88812020B24E008CFCAF /* KeychainDataStore.h */,
				5A9A88822020B24E008CFCAF /* HashMap.h */,
				5A9A88832020B24E008CFCAF /* ISharedObjectMessage.h */,
				5A9A88842020B24E008CFCAF /* QueryOptions.h */,
				5A9A88852020B24E008CFCAF /* V3DateReader.h */,
				5A9A88862020B24E008CFCAF /* Logging.h */,
				5A9A88872020B24E008CFCAF /* BoundPropertyBagWriter.h */,
				5A9A88882020B24E008CFCAF /* FileService.h */,
				5A9A88892020B24E008CFCAF /* Call.h */,
				5A9A888A2020B24E008CFCAF /* RTSharedObject.h */,
				5A9A888B2020B24E008CFCAF /* MetaData.h */,
				5A9A888C2020B24E008CFCAF /* RTMethod.h */,
				5A9A888D2020B24E008CFCAF /* SharedObjectEventType.h */,
				5A9A888E2020B24E008CFCAF /* StringWriter.h */,
				5A9A888F2020B24E008CFCAF /* Aggregate.h */,
				5A9A88902020B24E008CFCAF /* LoadRelationsQueryBuilder.h */,
				5A9A88912020B24E008CFCAF /* IPendingServiceCall.h */,
				5A9A88922020B24E008CFCAF /* BackendlessPushHelper.h */,
				5A9A88932020B24E008CFCAF /* IStreamPacket.h */,
				5A9A88942020B24E008CFCAF /* MessageWriter.h */,
				5A9A88952020B24E008CFCAF /* Invoke.h */,
				5A9A88962020B24E008CFCAF /* HttpEngine.h */,
				5A9A88972020B24E008CFCAF /* NamedObjectReader.h */,
				5A9A88982020B24E008CFCAF /* V3ObjectSerializer.h */,
				5A9A88992020B24E008CFCAF /* ErrMessage.h */,
				5A9A889A2020B24E008CFCAF /* IEventDispatcher.h */,
				5A9A889B2020B24E008CFCAF /* RTFactory.h */,
				5A9A889C2020B24E008CFCAF /* UserProperty.h */,
				5A9A889D2020B24E008CFCAF /* Datatypes.h */,
				5A9A889E2020B24E008CFCAF /* SharedObjectEvent.h */,
				5A9A889F2020B24E008CFCAF /* BinaryStream.h */,
				5A9A88A02020B24E008CFCAF /* RTDataStore.h */,
				5A9A88A12020B24E008CFCAF /* PagedQueryBuilder.h */,
				5A9A88A22020B24E008CFCAF /* BeaconTracker.h */,
				5A9A88A32020B24E008CFCAF /* IAtomicCounters.h */,
				5A9A88A42020B24E008CFCAF /* AbstractUnreferenceableTypeWriter.h */,
				5A9A88A52020B24E008CFCAF /* BackendlessCacheProtocol.h */,
				5A9A88A62020B24E008CFCAF /* SharedObject.h */,
				5A9A88A72020B24E008CFCAF /* V3ArrayReader.h */,
				5A9A88A82020B24E008CFCAF /* AttributeStore.h */,
				5A9A88A92020B24E008CFCAF /* V3Reader.h */,
				5A9A88AA2020B24E008CFCAF /* CrowdNode.h */,
				5A9A88AB2020B24E008CFCAF /* ICacheService.h */,
				5A9A88AC2020B24E008CFCAF /* AbstractQuery.h */,
				5A9A88AD2020B24E008CFCAF /* DateWriter.h */,
				5A9A88AE2020B24E008CFCAF /* ObjectSerializer.h */,
				5A9A88AF2020B24E008CFCAF /* CacheFactory.h */,
				5A9A88B02020B24E008CFCAF /* DeviceRegistration.h */,
				5A9A88B12020B24E008CFCAF /* IDeserializer.h */,
				5A9A88B22020B24E008CFCAF /* RTPersistence.h */,
				5A9A88B32020B24E008CFCAF /* BooleanType.h */,
				5A9A88B42020B24E008CFCAF /* V3ObjectReader.h */,
				5A9A88B52020B24E008CFCAF /* BackendlessSimpleQuery.h */,
				5A9A88B62020B24E008CFCAF /* BackendlessCacheKey.h */,
				5A9A88B72020B24E008CFCAF /* GeoService.h */,
				5A9A88B82020B24E008CFCAF /* CustomService.h */,
				5A9A88B92020B24E008CFCAF /* IEvent.h */,
				5A9A88BA2020B24E008CFCAF /* BinaryCodec.h */,
				5A9A88BB2020B24E008CFCAF /* WebORBSerializer.h */,
				5A9A88BC2020B24E008CFCAF /* V3VectorReader.h */,
				5A9A88BD2020B24E008CFCAF /* FlashorbBinaryWriter.h */,
				5A9A88BE2020B24E008CFCAF /* GeoCluster.h */,
				5A9A88BF2020B24E008CFCAF /* RTListener.h */,
				5A9A88C02020B24E008CFCAF /* PropertyBagWriter.h */,
				5A9A88C12020B24E008CFCAF /* Packet.h */,
				5A9A88C22020B24E008CFCAF /* FilePermission.h */,
				5A9A88C32020B24E008CFCAF /* ISharedObjectEvent.h */,
				5A9A88C42020B24E008CFCAF /* AsyncMessage.h */,
				5A9A88C52020B24E008CFCAF /* IAttributeStore.h */,
				5A9A88C62020B24E008CFCAF /* IntegerReader.h */,
				5A9A88C72020B24E008CFCAF /* IObjectSerializer.h */,
				5A9A88C82020B24E008CFCAF /* AtomicCounters.h */,
				5A9A88C92020B24E008CFCAF /* V3ReferenceCache.h */,
				5A9A88CA2020B24E008CFCAF /* IPendingServiceCallback.h */,
				5A9A88CB2020B24E008CFCAF /* IPresenceListener.h */,
				5A9A88CC2020B24E008CFCAF /* BackendlessGeoQuery.h */,
				5A9A88CD2020B24E008CFCAF /* InvokeObject.h */,
				5A9A88CE2020B24E008CFCAF /* Subscription.h */,
				5A9A88CF2020B24E008CFCAF /* UICKeyChainStore.h */,
				5A9A88D02020B24E008CFCAF /* DataQueryBuilder.h */,
				5A9A88D12020B24E008CFCAF /* ClientCallback.h */,
				5A9A88D22020B24E008CFCAF /* BulkResultObject.h */,
				5A9A88D32020B24E008CFCAF /* RequestParser.h */,
				5A9A88D42020B24E008CFCAF /* SharedObjectService.h */,
				5A9A88D52020B24E008CFCAF /* BackendlessEntity.h */,
				5A9A88D62020B24E008CFCAF /* NumberWriter.h */,
				5A9A88D72020B24E008CFCAF /* Request.h */,
				5A9A88D82020B24E008CFCAF /* NumberObject.h */,
				5A9A88D92020B24E008CFCAF /* MultiDimArrayWriter.h */,
				5A9A88DA2020B24E008CFCAF /* ISharedObjectBase.h */,
				5A9A88DB2020B24E008CFCAF /* IStreamDispatcher.h */,
				5A9A88DC2020B24E008CFCAF /* ReferenceCache.h */,
				5A9A88DD2020B24E008CFCAF /* IServiceObjectFactory.h */,
				5A9A88DE2020B24E008CFCAF /* ClassDefinition.h */,
				5A9A88DF2020B24E008CFCAF /* BackendlessCachePolicy.h */,
				5A9A88E02020B24E008CFCAF /* IPersistable.h */,
				5A9A88E12020B24E008CFCAF /* MapDrivenDataStore.h */,
				5A9A88E22020B24E008CFCAF /* ICacheableAdaptingType.h */,
				5A9A88E32020B24E008CFCAF /* StringReferenceWriter.h */,
				5A9A88E42020B24E008CFCAF /* AtomicCountersFactory.h */,
				5A9A88E52020B24E008CFCAF /* NotifyEvent.h */,
				5A9A88E62020B24E008CFCAF /* BackendlessUser.h */,
				5A9A88E72020B24E008CFCAF /* ObjectFactories.h */,
				5A9A88E82020B24E008CFCAF /* Logger.h */,
				5A9A88E92020B24E008CFCAF /* BoundPropertyBagReader.h */,
				5A9A88EA2020B24E008CFCAF /* StringType.h */,
				5A9A88EB2020B24E008CFCAF /* NullType.h */,
				5A9A88EC2020B24E008CFCAF /* AmfFormatter.h */,
				5A9A88ED2020B24E008CFCAF /* WebORBDeserializer.h */,
				5A9A88EE2020B24E008CFCAF /* UserInfo.h */,
				5A9A88EF2020B24E008CFCAF /* V3ByteArrayReader.h */,
				5A9A88F02020B24E008CFCAF /* AckMessage.h */,
				5A9A88F12020B24E008CFCAF /* ISharedObjectHandlerProvider.h */,
				5A9A88F22020B24E008CFCAF /* MessageStatus.h */,
				5A9A88F32020B24E008CFCAF /* ArrayWriter.h */,
				5A9A88F42020B24E008CFCAF /* BackendlessDataQuery.h */,
				5A9A88F52020B24E008CFCAF /* Responder.h */,
				5A9A88F62020B24E008CFCAF /* SharedObjectMessage.h */,
				5A9A88F72020B24E008CFCAF /* ICallback.h */,
				5A9A88F82020B24E008CFCAF /* ObjectWriter.h */,
				5A9A88F92020B24E008CFCAF /* RTMPConstants.h */,
				5A9A88FA2020B24E008CFCAF /* ITypeReader.h */,
				5A9A88FB2020B24E008CFCAF /* UserService.h */,
				5A9A88FC2020B24E008CFCAF /* DeliveryOptions.h */,
				5A9A88FD2020B24E008CFCAF /* PersistenceService.h */,
				5A9A88FE2020B24E008CFCAF /* IAdaptingType.h */,
				5A9A88FF2020B24E008CFCAF /* UndefinedType.h */,
				5A9A89002020B24E008CFCAF /* AnonymousObjectReader.h */,
				5A9A89012020B24E008CFCAF /* BackendlessCacheData.h */,
				5A9A89022020B24E008CFCAF /* UndefinedTypeReader.h */,
				5A9A89032020B24E008CFCAF /* DataPermission.h */,
				5A9A89042020B24E008CFCAF /* ClientSharedObject.h */,
				5A9A89052020B24E008CFCAF /* Ping.h */,
				5A9A89062020B24E008CFCAF /* ParseContext.h */,
				5A9A89072020B24E008CFCAF /* AMFSerializer.h */,
				5A9A89082020B24E008CFCAF /* BooleanWriter.h */,
				5A9A89092020B24E008CFCAF /* LongUTFStringReader.h */,
				5A9A890A2020B24E008CFCAF /* VideoData.h */,
				5A9A890B2020B24E008CFCAF /* BaseRTMPProtocolDecoder.h */,
				5A9A890C2020B24E008CFCAF /* ArrayReferenceWriter.h */,
				5A9A890D2020B24E008CFCAF /* BeaconsInfo.h */,
				5A9A890E2020B24E008CFCAF /* BEFileInfo.h */,
				5A9A890F2020B24E008CFCAF /* V3Message.h */,
				5A9A89102020B24E008CFCAF /* AudioData.h */,
				5A9A89112020B24E008CFCAF /* BodyHolderFactory.h */,
				5A9A89122020B24E008CFCAF /* ReaderReferenceCache.h */,
				5A9A89132020B24E008CFCAF /* NullWriter.h */,
				5A9A89142020B24E008CFCAF /* CommandMessage.h */,
				5A9A89152020B24E008CFCAF /* MemoryTicker.h */,
				5A9A89162020B24E008CFCAF /* ConcreteObject.h */,
			);
			path = include;
			sourceTree = "<group>";
		};
		8BFEE4A60C775EE9F223DF69 /* Frameworks */ = {
			isa = PBXGroup;
			children = (
				1F1F5D34B38E073697FE55BB /* Pods_BackendlessRTChatSwift.framework */,
			);
			name = Frameworks;
			sourceTree = "<group>";
		};
/* End PBXGroup section */

/* Begin PBXNativeTarget section */
		5A8A1F6720162C4D00A38FF4 /* BackendlessRTChatSwift */ = {
			isa = PBXNativeTarget;
			buildConfigurationList = 5A8A1F7A20162C4D00A38FF4 /* Build configuration list for PBXNativeTarget "BackendlessRTChatSwift" */;
			buildPhases = (
				F02FCAB9F54EEF5266A1B4E3 /* [CP] Check Pods Manifest.lock */,
				5A8A1F6420162C4D00A38FF4 /* Sources */,
				5A8A1F6520162C4D00A38FF4 /* Frameworks */,
				5A8A1F6620162C4D00A38FF4 /* Resources */,
				C08E04126E03C3EA8C09FA68 /* [CP] Embed Pods Frameworks */,
				470A8D6210401B51881A760A /* [CP] Copy Pods Resources */,
			);
			buildRules = (
			);
			dependencies = (
			);
			name = BackendlessRTChatSwift;
			productName = BackendlessRTChatSwift;
			productReference = 5A8A1F6820162C4D00A38FF4 /* BackendlessRTChatSwift.app */;
			productType = "com.apple.product-type.application";
		};
/* End PBXNativeTarget section */

/* Begin PBXProject section */
		5A8A1F6020162C4D00A38FF4 /* Project object */ = {
			isa = PBXProject;
			attributes = {
				LastSwiftUpdateCheck = 0920;
				LastUpgradeCheck = 0920;
				ORGANIZATIONNAME = "Olga Danylova";
				TargetAttributes = {
					5A8A1F6720162C4D00A38FF4 = {
						CreatedOnToolsVersion = 9.2;
						ProvisioningStyle = Automatic;
					};
				};
			};
			buildConfigurationList = 5A8A1F6320162C4D00A38FF4 /* Build configuration list for PBXProject "BackendlessRTChatSwift" */;
			compatibilityVersion = "Xcode 8.0";
			developmentRegion = en;
			hasScannedForEncodings = 0;
			knownRegions = (
				en,
				Base,
			);
			mainGroup = 5A8A1F5F20162C4D00A38FF4;
			productRefGroup = 5A8A1F6920162C4D00A38FF4 /* Products */;
			projectDirPath = "";
			projectRoot = "";
			targets = (
				5A8A1F6720162C4D00A38FF4 /* BackendlessRTChatSwift */,
			);
		};
/* End PBXProject section */

/* Begin PBXResourcesBuildPhase section */
		5A8A1F6620162C4D00A38FF4 /* Resources */ = {
			isa = PBXResourcesBuildPhase;
			buildActionMask = 2147483647;
			files = (
				5A8A1F8220162CAD00A38FF4 /* Main.storyboard in Resources */,
				5A8A1F7320162C4D00A38FF4 /* Assets.xcassets in Resources */,
				5A7332C4201F0D6F005755FA /* backendlessLogo.png in Resources */,
				5A8A1F8120162CAD00A38FF4 /* LaunchScreen.storyboard in Resources */,
			);
			runOnlyForDeploymentPostprocessing = 0;
		};
/* End PBXResourcesBuildPhase section */

/* Begin PBXShellScriptBuildPhase section */
		470A8D6210401B51881A760A /* [CP] Copy Pods Resources */ = {
			isa = PBXShellScriptBuildPhase;
			buildActionMask = 2147483647;
			files = (
			);
			inputPaths = (
			);
			name = "[CP] Copy Pods Resources";
			outputPaths = (
			);
			runOnlyForDeploymentPostprocessing = 0;
			shellPath = /bin/sh;
			shellScript = "\"${SRCROOT}/Pods/Target Support Files/Pods-BackendlessRTChatSwift/Pods-BackendlessRTChatSwift-resources.sh\"\n";
			showEnvVarsInLog = 0;
		};
		C08E04126E03C3EA8C09FA68 /* [CP] Embed Pods Frameworks */ = {
			isa = PBXShellScriptBuildPhase;
			buildActionMask = 2147483647;
			files = (
			);
			inputPaths = (
				"${SRCROOT}/Pods/Target Support Files/Pods-BackendlessRTChatSwift/Pods-BackendlessRTChatSwift-frameworks.sh",
				"${BUILT_PRODUCTS_DIR}/Socket.IO-Client-Swift/SocketIO.framework",
				"${BUILT_PRODUCTS_DIR}/Starscream/Starscream.framework",
			);
			name = "[CP] Embed Pods Frameworks";
			outputPaths = (
				"${TARGET_BUILD_DIR}/${FRAMEWORKS_FOLDER_PATH}/SocketIO.framework",
				"${TARGET_BUILD_DIR}/${FRAMEWORKS_FOLDER_PATH}/Starscream.framework",
			);
			runOnlyForDeploymentPostprocessing = 0;
			shellPath = /bin/sh;
			shellScript = "\"${SRCROOT}/Pods/Target Support Files/Pods-BackendlessRTChatSwift/Pods-BackendlessRTChatSwift-frameworks.sh\"\n";
			showEnvVarsInLog = 0;
		};
		F02FCAB9F54EEF5266A1B4E3 /* [CP] Check Pods Manifest.lock */ = {
			isa = PBXShellScriptBuildPhase;
			buildActionMask = 2147483647;
			files = (
			);
			inputPaths = (
				"${PODS_PODFILE_DIR_PATH}/Podfile.lock",
				"${PODS_ROOT}/Manifest.lock",
			);
			name = "[CP] Check Pods Manifest.lock";
			outputPaths = (
				"$(DERIVED_FILE_DIR)/Pods-BackendlessRTChatSwift-checkManifestLockResult.txt",
			);
			runOnlyForDeploymentPostprocessing = 0;
			shellPath = /bin/sh;
			shellScript = "diff \"${PODS_PODFILE_DIR_PATH}/Podfile.lock\" \"${PODS_ROOT}/Manifest.lock\" > /dev/null\nif [ $? != 0 ] ; then\n    # print error to STDERR\n    echo \"error: The sandbox is not in sync with the Podfile.lock. Run 'pod install' or update your CocoaPods installation.\" >&2\n    exit 1\nfi\n# This output is used by Xcode 'outputs' to avoid re-running this script phase.\necho \"SUCCESS\" > \"${SCRIPT_OUTPUT_FILE_0}\"\n";
			showEnvVarsInLog = 0;
		};
/* End PBXShellScriptBuildPhase section */

/* Begin PBXSourcesBuildPhase section */
		5A8A1F6420162C4D00A38FF4 /* Sources */ = {
			isa = PBXSourcesBuildPhase;
			buildActionMask = 2147483647;
			files = (
				5A920C372019C49700A84506 /* LoginViewController.swift in Sources */,
				5AC83AF3201B7ACE0026D589 /* ChatDetailsViewController.swift in Sources */,
				5AC66FCF201A208B00AD3E1E /* DispatchQueue+Logic.swift in Sources */,
				5A7332C6201F30CA005755FA /* MembersViewController.swift in Sources */,
				5A62E6032019ECCB00C48167 /* Chat.swift in Sources */,
				5A245CB32018E59800AFC0F1 /* AlertController.swift in Sources */,
				5A62E6072019F1EA00C48167 /* ChatMember.swift in Sources */,
				5A8A1F6C20162C4D00A38FF4 /* AppDelegate.swift in Sources */,
				5A62E6052019F07A00C48167 /* ChatsViewController.swift in Sources */,
				5A62E6012019EC7900C48167 /* ChatViewController.swift in Sources */,
				5A62E5FF2019EBC700C48167 /* SplitViewController.swift in Sources */,
			);
			runOnlyForDeploymentPostprocessing = 0;
		};
/* End PBXSourcesBuildPhase section */

/* Begin PBXVariantGroup section */
		5A8A1F7D20162CAC00A38FF4 /* LaunchScreen.storyboard */ = {
			isa = PBXVariantGroup;
			children = (
				5A8A1F7E20162CAC00A38FF4 /* Base */,
			);
			name = LaunchScreen.storyboard;
			sourceTree = "<group>";
		};
		5A8A1F7F20162CAD00A38FF4 /* Main.storyboard */ = {
			isa = PBXVariantGroup;
			children = (
				5A8A1F8020162CAD00A38FF4 /* Base */,
			);
			name = Main.storyboard;
			sourceTree = "<group>";
		};
/* End PBXVariantGroup section */

/* Begin XCBuildConfiguration section */
		5A8A1F7820162C4D00A38FF4 /* Debug */ = {
			isa = XCBuildConfiguration;
			buildSettings = {
				ALWAYS_SEARCH_USER_PATHS = NO;
				CLANG_ANALYZER_NONNULL = YES;
				CLANG_ANALYZER_NUMBER_OBJECT_CONVERSION = YES_AGGRESSIVE;
				CLANG_CXX_LANGUAGE_STANDARD = "gnu++14";
				CLANG_CXX_LIBRARY = "libc++";
				CLANG_ENABLE_MODULES = YES;
				CLANG_ENABLE_OBJC_ARC = YES;
				CLANG_WARN_BLOCK_CAPTURE_AUTORELEASING = YES;
				CLANG_WARN_BOOL_CONVERSION = YES;
				CLANG_WARN_COMMA = YES;
				CLANG_WARN_CONSTANT_CONVERSION = YES;
				CLANG_WARN_DIRECT_OBJC_ISA_USAGE = YES_ERROR;
				CLANG_WARN_DOCUMENTATION_COMMENTS = YES;
				CLANG_WARN_EMPTY_BODY = YES;
				CLANG_WARN_ENUM_CONVERSION = YES;
				CLANG_WARN_INFINITE_RECURSION = YES;
				CLANG_WARN_INT_CONVERSION = YES;
				CLANG_WARN_NON_LITERAL_NULL_CONVERSION = YES;
				CLANG_WARN_OBJC_LITERAL_CONVERSION = YES;
				CLANG_WARN_OBJC_ROOT_CLASS = YES_ERROR;
				CLANG_WARN_RANGE_LOOP_ANALYSIS = YES;
				CLANG_WARN_STRICT_PROTOTYPES = YES;
				CLANG_WARN_SUSPICIOUS_MOVE = YES;
				CLANG_WARN_UNGUARDED_AVAILABILITY = YES_AGGRESSIVE;
				CLANG_WARN_UNREACHABLE_CODE = YES;
				CLANG_WARN__DUPLICATE_METHOD_MATCH = YES;
				CODE_SIGN_IDENTITY = "iPhone Developer";
				COPY_PHASE_STRIP = NO;
				DEBUG_INFORMATION_FORMAT = dwarf;
				ENABLE_STRICT_OBJC_MSGSEND = YES;
				ENABLE_TESTABILITY = YES;
				GCC_C_LANGUAGE_STANDARD = gnu11;
				GCC_DYNAMIC_NO_PIC = NO;
				GCC_NO_COMMON_BLOCKS = YES;
				GCC_OPTIMIZATION_LEVEL = 0;
				GCC_PREPROCESSOR_DEFINITIONS = (
					"DEBUG=1",
					"$(inherited)",
				);
				GCC_WARN_64_TO_32_BIT_CONVERSION = YES;
				GCC_WARN_ABOUT_RETURN_TYPE = YES_ERROR;
				GCC_WARN_UNDECLARED_SELECTOR = YES;
				GCC_WARN_UNINITIALIZED_AUTOS = YES_AGGRESSIVE;
				GCC_WARN_UNUSED_FUNCTION = YES;
				GCC_WARN_UNUSED_VARIABLE = YES;
				IPHONEOS_DEPLOYMENT_TARGET = 11.2;
				MTL_ENABLE_DEBUG_INFO = YES;
				ONLY_ACTIVE_ARCH = YES;
				SDKROOT = iphoneos;
				SWIFT_ACTIVE_COMPILATION_CONDITIONS = DEBUG;
				SWIFT_OPTIMIZATION_LEVEL = "-Onone";
			};
			name = Debug;
		};
		5A8A1F7920162C4D00A38FF4 /* Release */ = {
			isa = XCBuildConfiguration;
			buildSettings = {
				ALWAYS_SEARCH_USER_PATHS = NO;
				CLANG_ANALYZER_NONNULL = YES;
				CLANG_ANALYZER_NUMBER_OBJECT_CONVERSION = YES_AGGRESSIVE;
				CLANG_CXX_LANGUAGE_STANDARD = "gnu++14";
				CLANG_CXX_LIBRARY = "libc++";
				CLANG_ENABLE_MODULES = YES;
				CLANG_ENABLE_OBJC_ARC = YES;
				CLANG_WARN_BLOCK_CAPTURE_AUTORELEASING = YES;
				CLANG_WARN_BOOL_CONVERSION = YES;
				CLANG_WARN_COMMA = YES;
				CLANG_WARN_CONSTANT_CONVERSION = YES;
				CLANG_WARN_DIRECT_OBJC_ISA_USAGE = YES_ERROR;
				CLANG_WARN_DOCUMENTATION_COMMENTS = YES;
				CLANG_WARN_EMPTY_BODY = YES;
				CLANG_WARN_ENUM_CONVERSION = YES;
				CLANG_WARN_INFINITE_RECURSION = YES;
				CLANG_WARN_INT_CONVERSION = YES;
				CLANG_WARN_NON_LITERAL_NULL_CONVERSION = YES;
				CLANG_WARN_OBJC_LITERAL_CONVERSION = YES;
				CLANG_WARN_OBJC_ROOT_CLASS = YES_ERROR;
				CLANG_WARN_RANGE_LOOP_ANALYSIS = YES;
				CLANG_WARN_STRICT_PROTOTYPES = YES;
				CLANG_WARN_SUSPICIOUS_MOVE = YES;
				CLANG_WARN_UNGUARDED_AVAILABILITY = YES_AGGRESSIVE;
				CLANG_WARN_UNREACHABLE_CODE = YES;
				CLANG_WARN__DUPLICATE_METHOD_MATCH = YES;
				CODE_SIGN_IDENTITY = "iPhone Developer";
				COPY_PHASE_STRIP = NO;
				DEBUG_INFORMATION_FORMAT = "dwarf-with-dsym";
				ENABLE_NS_ASSERTIONS = NO;
				ENABLE_STRICT_OBJC_MSGSEND = YES;
				GCC_C_LANGUAGE_STANDARD = gnu11;
				GCC_NO_COMMON_BLOCKS = YES;
				GCC_WARN_64_TO_32_BIT_CONVERSION = YES;
				GCC_WARN_ABOUT_RETURN_TYPE = YES_ERROR;
				GCC_WARN_UNDECLARED_SELECTOR = YES;
				GCC_WARN_UNINITIALIZED_AUTOS = YES_AGGRESSIVE;
				GCC_WARN_UNUSED_FUNCTION = YES;
				GCC_WARN_UNUSED_VARIABLE = YES;
				IPHONEOS_DEPLOYMENT_TARGET = 11.2;
				MTL_ENABLE_DEBUG_INFO = NO;
				SDKROOT = iphoneos;
				SWIFT_OPTIMIZATION_LEVEL = "-Owholemodule";
				VALIDATE_PRODUCT = YES;
			};
			name = Release;
		};
		5A8A1F7B20162C4D00A38FF4 /* Debug */ = {
			isa = XCBuildConfiguration;
			baseConfigurationReference = 66D3C872FF6504A7EC6F8D80 /* Pods-BackendlessRTChatSwift.debug.xcconfig */;
			buildSettings = {
				ASSETCATALOG_COMPILER_APPICON_NAME = AppIcon;
				CODE_SIGN_STYLE = Automatic;
				DEVELOPMENT_TEAM = 73FSJC7BUF;
				INFOPLIST_FILE = BackendlessRTChatSwift/Info.plist;
				IPHONEOS_DEPLOYMENT_TARGET = 9.0;
				LD_RUNPATH_SEARCH_PATHS = "$(inherited) @executable_path/Frameworks";
				LIBRARY_SEARCH_PATHS = (
					"$(inherited)",
					"$(PROJECT_DIR)/lib/backendless",
				);
				PRODUCT_BUNDLE_IDENTIFIER = com.backendless.BackendlessRTChatSwift;
				PRODUCT_NAME = "$(TARGET_NAME)";
				SWIFT_OBJC_BRIDGING_HEADER = "lib/backendless/include/Backendless-Bridging-Header.h";
				SWIFT_VERSION = 4.0;
				TARGETED_DEVICE_FAMILY = "1,2";
			};
			name = Debug;
		};
		5A8A1F7C20162C4D00A38FF4 /* Release */ = {
			isa = XCBuildConfiguration;
			baseConfigurationReference = DDBA688ECE2DC17FB6A26A6D /* Pods-BackendlessRTChatSwift.release.xcconfig */;
			buildSettings = {
				ASSETCATALOG_COMPILER_APPICON_NAME = AppIcon;
				CODE_SIGN_STYLE = Automatic;
				DEVELOPMENT_TEAM = 73FSJC7BUF;
				INFOPLIST_FILE = BackendlessRTChatSwift/Info.plist;
				IPHONEOS_DEPLOYMENT_TARGET = 9.0;
				LD_RUNPATH_SEARCH_PATHS = "$(inherited) @executable_path/Frameworks";
				LIBRARY_SEARCH_PATHS = (
					"$(inherited)",
					"$(PROJECT_DIR)/lib/backendless",
				);
				PRODUCT_BUNDLE_IDENTIFIER = com.backendless.BackendlessRTChatSwift;
				PRODUCT_NAME = "$(TARGET_NAME)";
				SWIFT_OBJC_BRIDGING_HEADER = "lib/backendless/include/Backendless-Bridging-Header.h";
				SWIFT_VERSION = 4.0;
				TARGETED_DEVICE_FAMILY = "1,2";
			};
			name = Release;
		};
/* End XCBuildConfiguration section */

/* Begin XCConfigurationList section */
		5A8A1F6320162C4D00A38FF4 /* Build configuration list for PBXProject "BackendlessRTChatSwift" */ = {
			isa = XCConfigurationList;
			buildConfigurations = (
				5A8A1F7820162C4D00A38FF4 /* Debug */,
				5A8A1F7920162C4D00A38FF4 /* Release */,
			);
			defaultConfigurationIsVisible = 0;
			defaultConfigurationName = Release;
		};
		5A8A1F7A20162C4D00A38FF4 /* Build configuration list for PBXNativeTarget "BackendlessRTChatSwift" */ = {
			isa = XCConfigurationList;
			buildConfigurations = (
				5A8A1F7B20162C4D00A38FF4 /* Debug */,
				5A8A1F7C20162C4D00A38FF4 /* Release */,
			);
			defaultConfigurationIsVisible = 0;
			defaultConfigurationName = Release;
		};
/* End XCConfigurationList section */
	};
	rootObject = 5A8A1F6020162C4D00A38FF4 /* Project object */;
}
